// !$*UTF8*$!
{
	archiveVersion = 1;
	classes = {
	};
	objectVersion = 56;
	objects = {

/* Begin PBXBuildFile section */
		69F9DD7051B491B85DAC0BC2 /* Pods_Taskie.framework in Frameworks */ = {isa = PBXBuildFile; fileRef = 3AE6A7135AF1F49BB351D6D8 /* Pods_Taskie.framework */; };
		CA1683DE2B8D15A00086153A /* Fredoka-VariableFont_wdth,wght.ttf in Resources */ = {isa = PBXBuildFile; fileRef = CA1683DD2B8D15A00086153A /* Fredoka-VariableFont_wdth,wght.ttf */; };
		CA1683E02B8D24940086153A /* Typography.swift in Sources */ = {isa = PBXBuildFile; fileRef = CA1683DF2B8D24940086153A /* Typography.swift */; };
		CA1683E22B8D2ED70086153A /* PDSLabel.swift in Sources */ = {isa = PBXBuildFile; fileRef = CA1683E12B8D2ED70086153A /* PDSLabel.swift */; };
		CA1683E42B8D419A0086153A /* ChoreFirestoreService.swift in Sources */ = {isa = PBXBuildFile; fileRef = CA1683E32B8D419A0086153A /* ChoreFirestoreService.swift */; };
		CA1683E72B8D425A0086153A /* ChoreDTO.swift in Sources */ = {isa = PBXBuildFile; fileRef = CA1683E62B8D425A0086153A /* ChoreDTO.swift */; };
		CA1683E92B8D45A70086153A /* HouseholdFirestoreService.swift in Sources */ = {isa = PBXBuildFile; fileRef = CA1683E82B8D45A70086153A /* HouseholdFirestoreService.swift */; };
		CA1683EB2B8D45D80086153A /* User.swift in Sources */ = {isa = PBXBuildFile; fileRef = CA1683EA2B8D45D80086153A /* User.swift */; };
		CA1683ED2B8D9B980086153A /* LogUtil.swift in Sources */ = {isa = PBXBuildFile; fileRef = CA1683EC2B8D9B980086153A /* LogUtil.swift */; };
		CA1683F02B9D305D0086153A /* ChoreListViewModel.swift in Sources */ = {isa = PBXBuildFile; fileRef = CA1683EF2B9D305D0086153A /* ChoreListViewModel.swift */; };
		CA1683F22B9E70D50086153A /* LogInViewModel.swift in Sources */ = {isa = PBXBuildFile; fileRef = CA1683F12B9E70D50086153A /* LogInViewModel.swift */; };
		CA1683F42B9E73330086153A /* SignUpViewModel.swift in Sources */ = {isa = PBXBuildFile; fileRef = CA1683F32B9E73330086153A /* SignUpViewModel.swift */; };
		CA1683F62B9E74D60086153A /* RootViewModel.swift in Sources */ = {isa = PBXBuildFile; fileRef = CA1683F52B9E74D60086153A /* RootViewModel.swift */; };
		CA1683F82B9E80910086153A /* MenuViewModel.swift in Sources */ = {isa = PBXBuildFile; fileRef = CA1683F72B9E80910086153A /* MenuViewModel.swift */; };
		CA20AFDB2B9FD95000BE9C18 /* UIViewControllerExtension.swift in Sources */ = {isa = PBXBuildFile; fileRef = CA20AFDA2B9FD95000BE9C18 /* UIViewControllerExtension.swift */; };
		CA20AFDD2B9FECE300BE9C18 /* PDSResizeWithKeyboardVC.swift in Sources */ = {isa = PBXBuildFile; fileRef = CA20AFDC2B9FECE300BE9C18 /* PDSResizeWithKeyboardVC.swift */; };
		CA20AFDF2BA000AF00BE9C18 /* UIViewExtension.swift in Sources */ = {isa = PBXBuildFile; fileRef = CA20AFDE2BA000AF00BE9C18 /* UIViewExtension.swift */; };
		CA20AFE12BA0A99700BE9C18 /* PDSCurrencyTextField.swift in Sources */ = {isa = PBXBuildFile; fileRef = CA20AFE02BA0A99700BE9C18 /* PDSCurrencyTextField.swift */; };
		CA20AFE32BA0D44A00BE9C18 /* StringExtension.swift in Sources */ = {isa = PBXBuildFile; fileRef = CA20AFE22BA0D44A00BE9C18 /* StringExtension.swift */; };
		CA20AFE52BA0D54100BE9C18 /* StringConstant.swift in Sources */ = {isa = PBXBuildFile; fileRef = CA20AFE42BA0D54100BE9C18 /* StringConstant.swift */; };
		CA20AFEB2BA2552900BE9C18 /* PDSImageRowSelectionVC.swift in Sources */ = {isa = PBXBuildFile; fileRef = CA20AFE92BA2552900BE9C18 /* PDSImageRowSelectionVC.swift */; };
		CA20AFED2BA261A200BE9C18 /* NSObjectExtension.swift in Sources */ = {isa = PBXBuildFile; fileRef = CA20AFEC2BA261A100BE9C18 /* NSObjectExtension.swift */; };
		CA20AFEF2BA2D54000BE9C18 /* StorageService.swift in Sources */ = {isa = PBXBuildFile; fileRef = CA20AFEE2BA2D54000BE9C18 /* StorageService.swift */; };
		CA26D0712BE01734002B5962 /* apple-app-site-association in Resources */ = {isa = PBXBuildFile; fileRef = CA26D0702BE01734002B5962 /* apple-app-site-association */; };
		CA3A69912BE062C7009D669F /* GoogleService-Info.plist in Resources */ = {isa = PBXBuildFile; fileRef = CA3A69902BE062C7009D669F /* GoogleService-Info.plist */; };
		CA3A69A62BE2E55E009D669F /* CreateOrJoinHouseholdViewModel.swift in Sources */ = {isa = PBXBuildFile; fileRef = CA3A69A42BE2E55E009D669F /* CreateOrJoinHouseholdViewModel.swift */; };
		CA3A69A72BE2E55E009D669F /* CreateOrJoinHouseholdVC.swift in Sources */ = {isa = PBXBuildFile; fileRef = CA3A69A52BE2E55E009D669F /* CreateOrJoinHouseholdVC.swift */; };
		CA3A69B12BE2F1FC009D669F /* CreateHouseholdViewModel.swift in Sources */ = {isa = PBXBuildFile; fileRef = CA3A69AF2BE2F1FC009D669F /* CreateHouseholdViewModel.swift */; };
		CA3A69B22BE2F1FC009D669F /* CreateHouseholdVC.swift in Sources */ = {isa = PBXBuildFile; fileRef = CA3A69B02BE2F1FC009D669F /* CreateHouseholdVC.swift */; };
		CA460C412BFC21810016C0D4 /* HouseholdMemberCell.swift in Sources */ = {isa = PBXBuildFile; fileRef = CA460C402BFC21810016C0D4 /* HouseholdMemberCell.swift */; };
		CA48864B2B9EB3E1003F22C8 /* CreateChoreViewModel.swift in Sources */ = {isa = PBXBuildFile; fileRef = CA4886492B9EB3E1003F22C8 /* CreateChoreViewModel.swift */; };
		CA48864C2B9EB3E1003F22C8 /* CreateChoreVC.swift in Sources */ = {isa = PBXBuildFile; fileRef = CA48864A2B9EB3E1003F22C8 /* CreateChoreVC.swift */; };
		CA4886522B9EB572003F22C8 /* ___VARIABLE_viewName-identifier___ViewModel.txt in Resources */ = {isa = PBXBuildFile; fileRef = CA4886512B9EB572003F22C8 /* ___VARIABLE_viewName-identifier___ViewModel.txt */; };
		CA4886542B9EB5A9003F22C8 /* readme.txt in Resources */ = {isa = PBXBuildFile; fileRef = CA4886532B9EB5A9003F22C8 /* readme.txt */; };
		CA4886562B9EB5F5003F22C8 /* TemplateInfo.txt in Resources */ = {isa = PBXBuildFile; fileRef = CA4886552B9EB5F5003F22C8 /* TemplateInfo.txt */; };
		CA5535572BDE2CD900A5B2BC /* PDSLoadingIndicator.swift in Sources */ = {isa = PBXBuildFile; fileRef = CA5535562BDE2CD900A5B2BC /* PDSLoadingIndicator.swift */; };
		CA55371B2BE2FCCE0053131C /* DocumentReferenceExtension.swift in Sources */ = {isa = PBXBuildFile; fileRef = CA55371A2BE2FCCE0053131C /* DocumentReferenceExtension.swift */; };
		CA55371D2BE33DB50053131C /* DenormalizedUser.swift in Sources */ = {isa = PBXBuildFile; fileRef = CA55371C2BE33DB50053131C /* DenormalizedUser.swift */; };
		CA5537212BE4431C0053131C /* InvitationRepository.swift in Sources */ = {isa = PBXBuildFile; fileRef = CA5537202BE4431C0053131C /* InvitationRepository.swift */; };
		CA5CB9D32BFD7A4800DD4FED /* ChoreMapper.swift in Sources */ = {isa = PBXBuildFile; fileRef = CA5CB9D22BFD7A4800DD4FED /* ChoreMapper.swift */; };
		CA5CB9D52C00116C00DD4FED /* Chore.swift in Sources */ = {isa = PBXBuildFile; fileRef = CA5CB9D42C00116C00DD4FED /* Chore.swift */; };
		CA7AA9682BEB2772004B1267 /* PickPasswordVC.swift in Sources */ = {isa = PBXBuildFile; fileRef = CA7AA9672BEB2772004B1267 /* PickPasswordVC.swift */; };
		CA7AA96A2BEB3352004B1267 /* EnterNameVC.swift in Sources */ = {isa = PBXBuildFile; fileRef = CA7AA9692BEB3352004B1267 /* EnterNameVC.swift */; };
		CA7C69B72B8456D0005B3CF2 /* AuthService.swift in Sources */ = {isa = PBXBuildFile; fileRef = CA7C69B62B8456D0005B3CF2 /* AuthService.swift */; };
		CA7C69B92B846236005B3CF2 /* PickEmailVC.swift in Sources */ = {isa = PBXBuildFile; fileRef = CA7C69B82B846236005B3CF2 /* PickEmailVC.swift */; };
		CA7C69BB2B846843005B3CF2 /* LogInVC.swift in Sources */ = {isa = PBXBuildFile; fileRef = CA7C69BA2B846843005B3CF2 /* LogInVC.swift */; };
		CA7C69BF2B8C2FCD005B3CF2 /* ChoreListVC.swift in Sources */ = {isa = PBXBuildFile; fileRef = CA7C69BE2B8C2FCD005B3CF2 /* ChoreListVC.swift */; };
		CA7C69C12B8C2FDD005B3CF2 /* MenuVC.swift in Sources */ = {isa = PBXBuildFile; fileRef = CA7C69C02B8C2FDD005B3CF2 /* MenuVC.swift */; };
		CA7C69C42B8C374F005B3CF2 /* UIViewControllerPreviewWrapper.swift in Sources */ = {isa = PBXBuildFile; fileRef = CA7C69C32B8C374F005B3CF2 /* UIViewControllerPreviewWrapper.swift */; };
		CA7C69C72B8C3E96005B3CF2 /* PDSPrimaryButton.swift in Sources */ = {isa = PBXBuildFile; fileRef = CA7C69C62B8C3E96005B3CF2 /* PDSPrimaryButton.swift */; };
		CA7C69C92B8C4274005B3CF2 /* UIViewPreviewWrapper.swift in Sources */ = {isa = PBXBuildFile; fileRef = CA7C69C82B8C4274005B3CF2 /* UIViewPreviewWrapper.swift */; };
		CA7C69CB2B8C49E0005B3CF2 /* PDSTextField.swift in Sources */ = {isa = PBXBuildFile; fileRef = CA7C69CA2B8C49E0005B3CF2 /* PDSTextField.swift */; };
		CA7E33002B8C580300CA7B20 /* PDSSecondaryButton.swift in Sources */ = {isa = PBXBuildFile; fileRef = CA7E32FF2B8C580300CA7B20 /* PDSSecondaryButton.swift */; };
		CA7E33022B8C651F00CA7B20 /* PDSAlertVC.swift in Sources */ = {isa = PBXBuildFile; fileRef = CA7E33012B8C651F00CA7B20 /* PDSAlertVC.swift */; };
		CA7E33052B8CEFA200CA7B20 /* ThemeManager.swift in Sources */ = {isa = PBXBuildFile; fileRef = CA7E33042B8CEFA200CA7B20 /* ThemeManager.swift */; };
		CA7E33072B8D008D00CA7B20 /* UIColorExtension.swift in Sources */ = {isa = PBXBuildFile; fileRef = CA7E33062B8D008D00CA7B20 /* UIColorExtension.swift */; };
		CA81D1FF2C14DEB20000C211 /* ImageCollectionViewCell.swift in Sources */ = {isa = PBXBuildFile; fileRef = CA81D1FE2C14DEB20000C211 /* ImageCollectionViewCell.swift */; };
		CA81D2032C1508F70000C211 /* OutgoingChatMessageCellWithImage.swift in Sources */ = {isa = PBXBuildFile; fileRef = CA81D2022C1508F70000C211 /* OutgoingChatMessageCellWithImage.swift */; };
		CACE2E812BA3FD7A007FD9F2 /* ChoreCell.swift in Sources */ = {isa = PBXBuildFile; fileRef = CACE2E802BA3FD7A007FD9F2 /* ChoreCell.swift */; };
		CACE2E832BA409F0007FD9F2 /* ImageLoader.swift in Sources */ = {isa = PBXBuildFile; fileRef = CACE2E822BA409EF007FD9F2 /* ImageLoader.swift */; };
		CACE2E852BA7CFDF007FD9F2 /* Household.swift in Sources */ = {isa = PBXBuildFile; fileRef = CACE2E842BA7CFDF007FD9F2 /* Household.swift */; };
		CACE2E872BA7E923007FD9F2 /* UserFirestoreService.swift in Sources */ = {isa = PBXBuildFile; fileRef = CACE2E862BA7E923007FD9F2 /* UserFirestoreService.swift */; };
		CACE2E8A2BA8FDF9007FD9F2 /* ChoreRepository.swift in Sources */ = {isa = PBXBuildFile; fileRef = CACE2E892BA8FDF9007FD9F2 /* ChoreRepository.swift */; };
		CACE2E8C2BA927A7007FD9F2 /* UserRepository.swift in Sources */ = {isa = PBXBuildFile; fileRef = CACE2E8B2BA927A7007FD9F2 /* UserRepository.swift */; };
		CACE2E8E2BA92D32007FD9F2 /* HouseholdRepository.swift in Sources */ = {isa = PBXBuildFile; fileRef = CACE2E8D2BA92D32007FD9F2 /* HouseholdRepository.swift */; };
		CACE2E902BA9F5C9007FD9F2 /* Dependency.swift in Sources */ = {isa = PBXBuildFile; fileRef = CACE2E8F2BA9F5C9007FD9F2 /* Dependency.swift */; };
		CACE2E932BACA88A007FD9F2 /* ChoreDetailViewModel.swift in Sources */ = {isa = PBXBuildFile; fileRef = CACE2E912BACA88A007FD9F2 /* ChoreDetailViewModel.swift */; };
		CACE2E942BACA88A007FD9F2 /* ChoreDetailVC.swift in Sources */ = {isa = PBXBuildFile; fileRef = CACE2E922BACA88A007FD9F2 /* ChoreDetailVC.swift */; };
		CACE2E972BAD01F7007FD9F2 /* PDSSwipableImageRowVC.swift in Sources */ = {isa = PBXBuildFile; fileRef = CACE2E962BAD01F7007FD9F2 /* PDSSwipableImageRowVC.swift */; };
		CACE2E9A2BAE17C9007FD9F2 /* TimestampExtension.swift in Sources */ = {isa = PBXBuildFile; fileRef = CACE2E992BAE17C9007FD9F2 /* TimestampExtension.swift */; };
		CACE2E9C2BB25AA6007FD9F2 /* UIStackViewExtension.swift in Sources */ = {isa = PBXBuildFile; fileRef = CACE2E9B2BB25AA6007FD9F2 /* UIStackViewExtension.swift */; };
		CACE2EA02BC32C79007FD9F2 /* PDSTitleWrapperVC.swift in Sources */ = {isa = PBXBuildFile; fileRef = CACE2E9F2BC32C79007FD9F2 /* PDSTitleWrapperVC.swift */; };
		CACE2EA42BC381AC007FD9F2 /* PDSIconBarButton.swift in Sources */ = {isa = PBXBuildFile; fileRef = CACE2EA32BC381AC007FD9F2 /* PDSIconBarButton.swift */; };
		CACE2EA62BC3A09A007FD9F2 /* MenuCell.swift in Sources */ = {isa = PBXBuildFile; fileRef = CACE2EA52BC3A09A007FD9F2 /* MenuCell.swift */; };
		CACE2EB62BC4E11E007FD9F2 /* HouseholdMemberListViewModel.swift in Sources */ = {isa = PBXBuildFile; fileRef = CACE2EB42BC4E11E007FD9F2 /* HouseholdMemberListViewModel.swift */; };
		CACE2EB72BC4E11E007FD9F2 /* HouseholdMemberListVC.swift in Sources */ = {isa = PBXBuildFile; fileRef = CACE2EB52BC4E11E007FD9F2 /* HouseholdMemberListVC.swift */; };
		CACE2EBF2BCDEB65007FD9F2 /* CodableUtil.swift in Sources */ = {isa = PBXBuildFile; fileRef = CACE2EBE2BCDEB65007FD9F2 /* CodableUtil.swift */; };
		CACE2EC42BD9CE30007FD9F2 /* LandingViewModel.swift in Sources */ = {isa = PBXBuildFile; fileRef = CACE2EC22BD9CE30007FD9F2 /* LandingViewModel.swift */; };
		CACE2EC52BD9CE30007FD9F2 /* LandingVC.swift in Sources */ = {isa = PBXBuildFile; fileRef = CACE2EC32BD9CE30007FD9F2 /* LandingVC.swift */; };
		CAD443A92C0A8DEE006EBD26 /* SubmitChoreViewModel.swift in Sources */ = {isa = PBXBuildFile; fileRef = CAD443A72C0A8DEE006EBD26 /* SubmitChoreViewModel.swift */; };
		CAD443AA2C0A8DEE006EBD26 /* SubmitChoreVC.swift in Sources */ = {isa = PBXBuildFile; fileRef = CAD443A82C0A8DEE006EBD26 /* SubmitChoreVC.swift */; };
		CAD443B12C0BC354006EBD26 /* TaskChatViewModel.swift in Sources */ = {isa = PBXBuildFile; fileRef = CAD443AF2C0BC354006EBD26 /* TaskChatViewModel.swift */; };
		CAD443B22C0BC354006EBD26 /* TaskChatVC.swift in Sources */ = {isa = PBXBuildFile; fileRef = CAD443B02C0BC354006EBD26 /* TaskChatVC.swift */; };
		CAD443B42C0BCC36006EBD26 /* ChatMessageRepository.swift in Sources */ = {isa = PBXBuildFile; fileRef = CAD443B32C0BCC36006EBD26 /* ChatMessageRepository.swift */; };
		CAD443B62C0BCCEB006EBD26 /* ChatMessageDTO.swift in Sources */ = {isa = PBXBuildFile; fileRef = CAD443B52C0BCCEB006EBD26 /* ChatMessageDTO.swift */; };
		CAD443B82C0BE291006EBD26 /* ChatMessageService.swift in Sources */ = {isa = PBXBuildFile; fileRef = CAD443B72C0BE291006EBD26 /* ChatMessageService.swift */; };
		CAD443BB2C0C18F1006EBD26 /* OutgoingChatMessageCell.swift in Sources */ = {isa = PBXBuildFile; fileRef = CAD443BA2C0C18F1006EBD26 /* OutgoingChatMessageCell.swift */; };
		CAD443BF2C0C2123006EBD26 /* ChatMessage.swift in Sources */ = {isa = PBXBuildFile; fileRef = CAD443BE2C0C2123006EBD26 /* ChatMessage.swift */; };
		CAD443C22C0C226F006EBD26 /* ChatMessageMapper.swift in Sources */ = {isa = PBXBuildFile; fileRef = CAD443C12C0C226F006EBD26 /* ChatMessageMapper.swift */; };
		CAD443C42C0EB823006EBD26 /* DoubleExtension.swift in Sources */ = {isa = PBXBuildFile; fileRef = CAD443C32C0EB823006EBD26 /* DoubleExtension.swift */; };
		CAD443C62C0FB2AF006EBD26 /* PDSTextView.swift in Sources */ = {isa = PBXBuildFile; fileRef = CAD443C52C0FB2AF006EBD26 /* PDSTextView.swift */; };
		CADCE5032BEDB6680026AC9E /* PickProfileColorVC.swift in Sources */ = {isa = PBXBuildFile; fileRef = CADCE5022BEDB6680026AC9E /* PickProfileColorVC.swift */; };
		CADCE5052BEDD2E40026AC9E /* EnterNameViewModel.swift in Sources */ = {isa = PBXBuildFile; fileRef = CADCE5042BEDD2E40026AC9E /* EnterNameViewModel.swift */; };
		CADCE5092BEDD7DB0026AC9E /* PickProfileColorViewModel.swift in Sources */ = {isa = PBXBuildFile; fileRef = CADCE5082BEDD7DB0026AC9E /* PickProfileColorViewModel.swift */; };
		CADCE5132BF852AC0026AC9E /* ErrorWindow.swift in Sources */ = {isa = PBXBuildFile; fileRef = CADCE5122BF852AC0026AC9E /* ErrorWindow.swift */; };
		CADCE5152BF9833B0026AC9E /* UserCard.swift in Sources */ = {isa = PBXBuildFile; fileRef = CADCE5142BF9833B0026AC9E /* UserCard.swift */; };
		CAE6B1732C11333E00303551 /* IncomingChatMessageCell.swift in Sources */ = {isa = PBXBuildFile; fileRef = CAE6B1722C11333E00303551 /* IncomingChatMessageCell.swift */; };
		CAEAEB742B840DE40056A0F1 /* AppDelegate.swift in Sources */ = {isa = PBXBuildFile; fileRef = CAEAEB732B840DE40056A0F1 /* AppDelegate.swift */; };
		CAEAEB762B840DE40056A0F1 /* SceneDelegate.swift in Sources */ = {isa = PBXBuildFile; fileRef = CAEAEB752B840DE40056A0F1 /* SceneDelegate.swift */; };
		CAEAEB782B840DE40056A0F1 /* RootVC.swift in Sources */ = {isa = PBXBuildFile; fileRef = CAEAEB772B840DE40056A0F1 /* RootVC.swift */; };
		CAEAEB7D2B840DE50056A0F1 /* Assets.xcassets in Resources */ = {isa = PBXBuildFile; fileRef = CAEAEB7C2B840DE50056A0F1 /* Assets.xcassets */; };
		CAEAEB802B840DE50056A0F1 /* LaunchScreen.storyboard in Resources */ = {isa = PBXBuildFile; fileRef = CAEAEB7E2B840DE50056A0F1 /* LaunchScreen.storyboard */; };
		CAECF4CE2C1A6340006938BC /* ChatView.swift in Sources */ = {isa = PBXBuildFile; fileRef = CAECF4CD2C1A6340006938BC /* ChatView.swift */; };
		CAECF4D12C1A6445006938BC /* ChatMessageView.swift in Sources */ = {isa = PBXBuildFile; fileRef = CAECF4D02C1A6445006938BC /* ChatMessageView.swift */; };
		CAECF4D32C1A646A006938BC /* ChatBubbleView.swift in Sources */ = {isa = PBXBuildFile; fileRef = CAECF4D22C1A646A006938BC /* ChatBubbleView.swift */; };
		CAECF4D52C1E6150006938BC /* ViewExtension.swift in Sources */ = {isa = PBXBuildFile; fileRef = CAECF4D42C1E6150006938BC /* ViewExtension.swift */; };
		CAECF4D72C1E63B5006938BC /* FontExtension.swift in Sources */ = {isa = PBXBuildFile; fileRef = CAECF4D62C1E63B5006938BC /* FontExtension.swift */; };
/* End PBXBuildFile section */

/* Begin PBXFileReference section */
		1F2A5DCEA512CB5C4328730E /* Pods-Taskie.debug.xcconfig */ = {isa = PBXFileReference; includeInIndex = 1; lastKnownFileType = text.xcconfig; name = "Pods-Taskie.debug.xcconfig"; path = "Target Support Files/Pods-Taskie/Pods-Taskie.debug.xcconfig"; sourceTree = "<group>"; };
		3AE6A7135AF1F49BB351D6D8 /* Pods_Taskie.framework */ = {isa = PBXFileReference; explicitFileType = wrapper.framework; includeInIndex = 0; path = Pods_Taskie.framework; sourceTree = BUILT_PRODUCTS_DIR; };
		C9B2CD9A601156A1F34D40B1 /* Pods-Taskie.release.xcconfig */ = {isa = PBXFileReference; includeInIndex = 1; lastKnownFileType = text.xcconfig; name = "Pods-Taskie.release.xcconfig"; path = "Target Support Files/Pods-Taskie/Pods-Taskie.release.xcconfig"; sourceTree = "<group>"; };
		CA1683DD2B8D15A00086153A /* Fredoka-VariableFont_wdth,wght.ttf */ = {isa = PBXFileReference; lastKnownFileType = file; path = "Fredoka-VariableFont_wdth,wght.ttf"; sourceTree = "<group>"; };
		CA1683DF2B8D24940086153A /* Typography.swift */ = {isa = PBXFileReference; lastKnownFileType = sourcecode.swift; path = Typography.swift; sourceTree = "<group>"; };
		CA1683E12B8D2ED70086153A /* PDSLabel.swift */ = {isa = PBXFileReference; lastKnownFileType = sourcecode.swift; path = PDSLabel.swift; sourceTree = "<group>"; };
		CA1683E32B8D419A0086153A /* ChoreFirestoreService.swift */ = {isa = PBXFileReference; lastKnownFileType = sourcecode.swift; path = ChoreFirestoreService.swift; sourceTree = "<group>"; };
		CA1683E62B8D425A0086153A /* ChoreDTO.swift */ = {isa = PBXFileReference; lastKnownFileType = sourcecode.swift; path = ChoreDTO.swift; sourceTree = "<group>"; };
		CA1683E82B8D45A70086153A /* HouseholdFirestoreService.swift */ = {isa = PBXFileReference; lastKnownFileType = sourcecode.swift; path = HouseholdFirestoreService.swift; sourceTree = "<group>"; };
		CA1683EA2B8D45D80086153A /* User.swift */ = {isa = PBXFileReference; lastKnownFileType = sourcecode.swift; path = User.swift; sourceTree = "<group>"; };
		CA1683EC2B8D9B980086153A /* LogUtil.swift */ = {isa = PBXFileReference; lastKnownFileType = sourcecode.swift; path = LogUtil.swift; sourceTree = "<group>"; };
		CA1683EF2B9D305D0086153A /* ChoreListViewModel.swift */ = {isa = PBXFileReference; lastKnownFileType = sourcecode.swift; path = ChoreListViewModel.swift; sourceTree = "<group>"; };
		CA1683F12B9E70D50086153A /* LogInViewModel.swift */ = {isa = PBXFileReference; lastKnownFileType = sourcecode.swift; path = LogInViewModel.swift; sourceTree = "<group>"; };
		CA1683F32B9E73330086153A /* SignUpViewModel.swift */ = {isa = PBXFileReference; lastKnownFileType = sourcecode.swift; path = SignUpViewModel.swift; sourceTree = "<group>"; };
		CA1683F52B9E74D60086153A /* RootViewModel.swift */ = {isa = PBXFileReference; lastKnownFileType = sourcecode.swift; path = RootViewModel.swift; sourceTree = "<group>"; };
		CA1683F72B9E80910086153A /* MenuViewModel.swift */ = {isa = PBXFileReference; lastKnownFileType = sourcecode.swift; path = MenuViewModel.swift; sourceTree = "<group>"; };
		CA20AFDA2B9FD95000BE9C18 /* UIViewControllerExtension.swift */ = {isa = PBXFileReference; lastKnownFileType = sourcecode.swift; path = UIViewControllerExtension.swift; sourceTree = "<group>"; };
		CA20AFDC2B9FECE300BE9C18 /* PDSResizeWithKeyboardVC.swift */ = {isa = PBXFileReference; lastKnownFileType = sourcecode.swift; path = PDSResizeWithKeyboardVC.swift; sourceTree = "<group>"; };
		CA20AFDE2BA000AF00BE9C18 /* UIViewExtension.swift */ = {isa = PBXFileReference; lastKnownFileType = sourcecode.swift; path = UIViewExtension.swift; sourceTree = "<group>"; };
		CA20AFE02BA0A99700BE9C18 /* PDSCurrencyTextField.swift */ = {isa = PBXFileReference; lastKnownFileType = sourcecode.swift; path = PDSCurrencyTextField.swift; sourceTree = "<group>"; };
		CA20AFE22BA0D44A00BE9C18 /* StringExtension.swift */ = {isa = PBXFileReference; lastKnownFileType = sourcecode.swift; path = StringExtension.swift; sourceTree = "<group>"; };
		CA20AFE42BA0D54100BE9C18 /* StringConstant.swift */ = {isa = PBXFileReference; lastKnownFileType = sourcecode.swift; path = StringConstant.swift; sourceTree = "<group>"; };
		CA20AFE92BA2552900BE9C18 /* PDSImageRowSelectionVC.swift */ = {isa = PBXFileReference; lastKnownFileType = sourcecode.swift; path = PDSImageRowSelectionVC.swift; sourceTree = "<group>"; };
		CA20AFEC2BA261A100BE9C18 /* NSObjectExtension.swift */ = {isa = PBXFileReference; lastKnownFileType = sourcecode.swift; path = NSObjectExtension.swift; sourceTree = "<group>"; };
		CA20AFEE2BA2D54000BE9C18 /* StorageService.swift */ = {isa = PBXFileReference; lastKnownFileType = sourcecode.swift; path = StorageService.swift; sourceTree = "<group>"; };
		CA26D0702BE01734002B5962 /* apple-app-site-association */ = {isa = PBXFileReference; lastKnownFileType = text; path = "apple-app-site-association"; sourceTree = "<group>"; };
		CA26D0722BE020A5002B5962 /* Taskie.entitlements */ = {isa = PBXFileReference; lastKnownFileType = text.plist.entitlements; path = Taskie.entitlements; sourceTree = "<group>"; };
		CA3A69902BE062C7009D669F /* GoogleService-Info.plist */ = {isa = PBXFileReference; fileEncoding = 4; lastKnownFileType = text.plist.xml; path = "GoogleService-Info.plist"; sourceTree = "<group>"; };
		CA3A69A42BE2E55E009D669F /* CreateOrJoinHouseholdViewModel.swift */ = {isa = PBXFileReference; lastKnownFileType = sourcecode.swift; path = CreateOrJoinHouseholdViewModel.swift; sourceTree = "<group>"; };
		CA3A69A52BE2E55E009D669F /* CreateOrJoinHouseholdVC.swift */ = {isa = PBXFileReference; lastKnownFileType = sourcecode.swift; path = CreateOrJoinHouseholdVC.swift; sourceTree = "<group>"; };
		CA3A69AF2BE2F1FC009D669F /* CreateHouseholdViewModel.swift */ = {isa = PBXFileReference; lastKnownFileType = sourcecode.swift; path = CreateHouseholdViewModel.swift; sourceTree = "<group>"; };
		CA3A69B02BE2F1FC009D669F /* CreateHouseholdVC.swift */ = {isa = PBXFileReference; lastKnownFileType = sourcecode.swift; path = CreateHouseholdVC.swift; sourceTree = "<group>"; };
		CA460C402BFC21810016C0D4 /* HouseholdMemberCell.swift */ = {isa = PBXFileReference; lastKnownFileType = sourcecode.swift; path = HouseholdMemberCell.swift; sourceTree = "<group>"; };
		CA4886492B9EB3E1003F22C8 /* CreateChoreViewModel.swift */ = {isa = PBXFileReference; lastKnownFileType = sourcecode.swift; path = CreateChoreViewModel.swift; sourceTree = "<group>"; };
		CA48864A2B9EB3E1003F22C8 /* CreateChoreVC.swift */ = {isa = PBXFileReference; lastKnownFileType = sourcecode.swift; path = CreateChoreVC.swift; sourceTree = "<group>"; };
		CA48864F2B9EB4A3003F22C8 /* ___VARIABLE_productName-identifier___VC.txt */ = {isa = PBXFileReference; explicitFileType = text; path = "___VARIABLE_productName-identifier___VC.txt"; sourceTree = "<group>"; };
		CA4886512B9EB572003F22C8 /* ___VARIABLE_viewName-identifier___ViewModel.txt */ = {isa = PBXFileReference; lastKnownFileType = text; path = "___VARIABLE_viewName-identifier___ViewModel.txt"; sourceTree = "<group>"; };
		CA4886532B9EB5A9003F22C8 /* readme.txt */ = {isa = PBXFileReference; lastKnownFileType = text; path = readme.txt; sourceTree = "<group>"; };
		CA4886552B9EB5F5003F22C8 /* TemplateInfo.txt */ = {isa = PBXFileReference; lastKnownFileType = text; path = TemplateInfo.txt; sourceTree = "<group>"; };
		CA5535562BDE2CD900A5B2BC /* PDSLoadingIndicator.swift */ = {isa = PBXFileReference; lastKnownFileType = sourcecode.swift; path = PDSLoadingIndicator.swift; sourceTree = "<group>"; };
		CA55371A2BE2FCCE0053131C /* DocumentReferenceExtension.swift */ = {isa = PBXFileReference; lastKnownFileType = sourcecode.swift; path = DocumentReferenceExtension.swift; sourceTree = "<group>"; };
		CA55371C2BE33DB50053131C /* DenormalizedUser.swift */ = {isa = PBXFileReference; lastKnownFileType = sourcecode.swift; path = DenormalizedUser.swift; sourceTree = "<group>"; };
		CA5537202BE4431C0053131C /* InvitationRepository.swift */ = {isa = PBXFileReference; lastKnownFileType = sourcecode.swift; path = InvitationRepository.swift; sourceTree = "<group>"; };
		CA5CB9D22BFD7A4800DD4FED /* ChoreMapper.swift */ = {isa = PBXFileReference; lastKnownFileType = sourcecode.swift; path = ChoreMapper.swift; sourceTree = "<group>"; };
		CA5CB9D42C00116C00DD4FED /* Chore.swift */ = {isa = PBXFileReference; lastKnownFileType = sourcecode.swift; path = Chore.swift; sourceTree = "<group>"; };
		CA7AA9672BEB2772004B1267 /* PickPasswordVC.swift */ = {isa = PBXFileReference; lastKnownFileType = sourcecode.swift; path = PickPasswordVC.swift; sourceTree = "<group>"; };
		CA7AA9692BEB3352004B1267 /* EnterNameVC.swift */ = {isa = PBXFileReference; lastKnownFileType = sourcecode.swift; path = EnterNameVC.swift; sourceTree = "<group>"; };
		CA7C69B62B8456D0005B3CF2 /* AuthService.swift */ = {isa = PBXFileReference; lastKnownFileType = sourcecode.swift; path = AuthService.swift; sourceTree = "<group>"; };
		CA7C69B82B846236005B3CF2 /* PickEmailVC.swift */ = {isa = PBXFileReference; lastKnownFileType = sourcecode.swift; path = PickEmailVC.swift; sourceTree = "<group>"; };
		CA7C69BA2B846843005B3CF2 /* LogInVC.swift */ = {isa = PBXFileReference; lastKnownFileType = sourcecode.swift; path = LogInVC.swift; sourceTree = "<group>"; };
		CA7C69BE2B8C2FCD005B3CF2 /* ChoreListVC.swift */ = {isa = PBXFileReference; lastKnownFileType = sourcecode.swift; path = ChoreListVC.swift; sourceTree = "<group>"; };
		CA7C69C02B8C2FDD005B3CF2 /* MenuVC.swift */ = {isa = PBXFileReference; lastKnownFileType = sourcecode.swift; path = MenuVC.swift; sourceTree = "<group>"; };
		CA7C69C32B8C374F005B3CF2 /* UIViewControllerPreviewWrapper.swift */ = {isa = PBXFileReference; lastKnownFileType = sourcecode.swift; path = UIViewControllerPreviewWrapper.swift; sourceTree = "<group>"; };
		CA7C69C62B8C3E96005B3CF2 /* PDSPrimaryButton.swift */ = {isa = PBXFileReference; lastKnownFileType = sourcecode.swift; path = PDSPrimaryButton.swift; sourceTree = "<group>"; };
		CA7C69C82B8C4274005B3CF2 /* UIViewPreviewWrapper.swift */ = {isa = PBXFileReference; lastKnownFileType = sourcecode.swift; path = UIViewPreviewWrapper.swift; sourceTree = "<group>"; };
		CA7C69CA2B8C49E0005B3CF2 /* PDSTextField.swift */ = {isa = PBXFileReference; lastKnownFileType = sourcecode.swift; path = PDSTextField.swift; sourceTree = "<group>"; };
		CA7E32FF2B8C580300CA7B20 /* PDSSecondaryButton.swift */ = {isa = PBXFileReference; lastKnownFileType = sourcecode.swift; path = PDSSecondaryButton.swift; sourceTree = "<group>"; };
		CA7E33012B8C651F00CA7B20 /* PDSAlertVC.swift */ = {isa = PBXFileReference; lastKnownFileType = sourcecode.swift; path = PDSAlertVC.swift; sourceTree = "<group>"; };
		CA7E33042B8CEFA200CA7B20 /* ThemeManager.swift */ = {isa = PBXFileReference; lastKnownFileType = sourcecode.swift; path = ThemeManager.swift; sourceTree = "<group>"; };
		CA7E33062B8D008D00CA7B20 /* UIColorExtension.swift */ = {isa = PBXFileReference; lastKnownFileType = sourcecode.swift; path = UIColorExtension.swift; sourceTree = "<group>"; };
		CA81D1FE2C14DEB20000C211 /* ImageCollectionViewCell.swift */ = {isa = PBXFileReference; lastKnownFileType = sourcecode.swift; path = ImageCollectionViewCell.swift; sourceTree = "<group>"; };
		CA81D2022C1508F70000C211 /* OutgoingChatMessageCellWithImage.swift */ = {isa = PBXFileReference; lastKnownFileType = sourcecode.swift; path = OutgoingChatMessageCellWithImage.swift; sourceTree = "<group>"; };
		CACE2E802BA3FD7A007FD9F2 /* ChoreCell.swift */ = {isa = PBXFileReference; lastKnownFileType = sourcecode.swift; path = ChoreCell.swift; sourceTree = "<group>"; };
		CACE2E822BA409EF007FD9F2 /* ImageLoader.swift */ = {isa = PBXFileReference; lastKnownFileType = sourcecode.swift; path = ImageLoader.swift; sourceTree = "<group>"; };
		CACE2E842BA7CFDF007FD9F2 /* Household.swift */ = {isa = PBXFileReference; lastKnownFileType = sourcecode.swift; path = Household.swift; sourceTree = "<group>"; };
		CACE2E862BA7E923007FD9F2 /* UserFirestoreService.swift */ = {isa = PBXFileReference; lastKnownFileType = sourcecode.swift; path = UserFirestoreService.swift; sourceTree = "<group>"; };
		CACE2E892BA8FDF9007FD9F2 /* ChoreRepository.swift */ = {isa = PBXFileReference; lastKnownFileType = sourcecode.swift; path = ChoreRepository.swift; sourceTree = "<group>"; };
		CACE2E8B2BA927A7007FD9F2 /* UserRepository.swift */ = {isa = PBXFileReference; lastKnownFileType = sourcecode.swift; path = UserRepository.swift; sourceTree = "<group>"; };
		CACE2E8D2BA92D32007FD9F2 /* HouseholdRepository.swift */ = {isa = PBXFileReference; lastKnownFileType = sourcecode.swift; path = HouseholdRepository.swift; sourceTree = "<group>"; };
		CACE2E8F2BA9F5C9007FD9F2 /* Dependency.swift */ = {isa = PBXFileReference; lastKnownFileType = sourcecode.swift; path = Dependency.swift; sourceTree = "<group>"; };
		CACE2E912BACA88A007FD9F2 /* ChoreDetailViewModel.swift */ = {isa = PBXFileReference; lastKnownFileType = sourcecode.swift; path = ChoreDetailViewModel.swift; sourceTree = "<group>"; };
		CACE2E922BACA88A007FD9F2 /* ChoreDetailVC.swift */ = {isa = PBXFileReference; lastKnownFileType = sourcecode.swift; path = ChoreDetailVC.swift; sourceTree = "<group>"; };
		CACE2E962BAD01F7007FD9F2 /* PDSSwipableImageRowVC.swift */ = {isa = PBXFileReference; lastKnownFileType = sourcecode.swift; path = PDSSwipableImageRowVC.swift; sourceTree = "<group>"; };
		CACE2E992BAE17C9007FD9F2 /* TimestampExtension.swift */ = {isa = PBXFileReference; lastKnownFileType = sourcecode.swift; path = TimestampExtension.swift; sourceTree = "<group>"; };
		CACE2E9B2BB25AA6007FD9F2 /* UIStackViewExtension.swift */ = {isa = PBXFileReference; lastKnownFileType = sourcecode.swift; path = UIStackViewExtension.swift; sourceTree = "<group>"; };
		CACE2E9F2BC32C79007FD9F2 /* PDSTitleWrapperVC.swift */ = {isa = PBXFileReference; lastKnownFileType = sourcecode.swift; path = PDSTitleWrapperVC.swift; sourceTree = "<group>"; };
		CACE2EA32BC381AC007FD9F2 /* PDSIconBarButton.swift */ = {isa = PBXFileReference; lastKnownFileType = sourcecode.swift; path = PDSIconBarButton.swift; sourceTree = "<group>"; };
		CACE2EA52BC3A09A007FD9F2 /* MenuCell.swift */ = {isa = PBXFileReference; lastKnownFileType = sourcecode.swift; path = MenuCell.swift; sourceTree = "<group>"; };
		CACE2EB42BC4E11E007FD9F2 /* HouseholdMemberListViewModel.swift */ = {isa = PBXFileReference; lastKnownFileType = sourcecode.swift; path = HouseholdMemberListViewModel.swift; sourceTree = "<group>"; };
		CACE2EB52BC4E11E007FD9F2 /* HouseholdMemberListVC.swift */ = {isa = PBXFileReference; lastKnownFileType = sourcecode.swift; path = HouseholdMemberListVC.swift; sourceTree = "<group>"; };
		CACE2EBE2BCDEB65007FD9F2 /* CodableUtil.swift */ = {isa = PBXFileReference; lastKnownFileType = sourcecode.swift; path = CodableUtil.swift; sourceTree = "<group>"; };
		CACE2EC22BD9CE30007FD9F2 /* LandingViewModel.swift */ = {isa = PBXFileReference; lastKnownFileType = sourcecode.swift; path = LandingViewModel.swift; sourceTree = "<group>"; };
		CACE2EC32BD9CE30007FD9F2 /* LandingVC.swift */ = {isa = PBXFileReference; lastKnownFileType = sourcecode.swift; path = LandingVC.swift; sourceTree = "<group>"; };
		CAD443A72C0A8DEE006EBD26 /* SubmitChoreViewModel.swift */ = {isa = PBXFileReference; lastKnownFileType = sourcecode.swift; path = SubmitChoreViewModel.swift; sourceTree = "<group>"; };
		CAD443A82C0A8DEE006EBD26 /* SubmitChoreVC.swift */ = {isa = PBXFileReference; lastKnownFileType = sourcecode.swift; path = SubmitChoreVC.swift; sourceTree = "<group>"; };
		CAD443AF2C0BC354006EBD26 /* TaskChatViewModel.swift */ = {isa = PBXFileReference; lastKnownFileType = sourcecode.swift; path = TaskChatViewModel.swift; sourceTree = "<group>"; };
		CAD443B02C0BC354006EBD26 /* TaskChatVC.swift */ = {isa = PBXFileReference; lastKnownFileType = sourcecode.swift; path = TaskChatVC.swift; sourceTree = "<group>"; };
		CAD443B32C0BCC36006EBD26 /* ChatMessageRepository.swift */ = {isa = PBXFileReference; lastKnownFileType = sourcecode.swift; path = ChatMessageRepository.swift; sourceTree = "<group>"; };
		CAD443B52C0BCCEB006EBD26 /* ChatMessageDTO.swift */ = {isa = PBXFileReference; lastKnownFileType = sourcecode.swift; path = ChatMessageDTO.swift; sourceTree = "<group>"; };
		CAD443B72C0BE291006EBD26 /* ChatMessageService.swift */ = {isa = PBXFileReference; lastKnownFileType = sourcecode.swift; path = ChatMessageService.swift; sourceTree = "<group>"; };
		CAD443BA2C0C18F1006EBD26 /* OutgoingChatMessageCell.swift */ = {isa = PBXFileReference; lastKnownFileType = sourcecode.swift; path = OutgoingChatMessageCell.swift; sourceTree = "<group>"; };
		CAD443BE2C0C2123006EBD26 /* ChatMessage.swift */ = {isa = PBXFileReference; lastKnownFileType = sourcecode.swift; path = ChatMessage.swift; sourceTree = "<group>"; };
		CAD443C12C0C226F006EBD26 /* ChatMessageMapper.swift */ = {isa = PBXFileReference; lastKnownFileType = sourcecode.swift; path = ChatMessageMapper.swift; sourceTree = "<group>"; };
		CAD443C32C0EB823006EBD26 /* DoubleExtension.swift */ = {isa = PBXFileReference; lastKnownFileType = sourcecode.swift; path = DoubleExtension.swift; sourceTree = "<group>"; };
		CAD443C52C0FB2AF006EBD26 /* PDSTextView.swift */ = {isa = PBXFileReference; lastKnownFileType = sourcecode.swift; path = PDSTextView.swift; sourceTree = "<group>"; };
		CADCE5022BEDB6680026AC9E /* PickProfileColorVC.swift */ = {isa = PBXFileReference; lastKnownFileType = sourcecode.swift; path = PickProfileColorVC.swift; sourceTree = "<group>"; };
		CADCE5042BEDD2E40026AC9E /* EnterNameViewModel.swift */ = {isa = PBXFileReference; lastKnownFileType = sourcecode.swift; path = EnterNameViewModel.swift; sourceTree = "<group>"; };
		CADCE5082BEDD7DB0026AC9E /* PickProfileColorViewModel.swift */ = {isa = PBXFileReference; lastKnownFileType = sourcecode.swift; path = PickProfileColorViewModel.swift; sourceTree = "<group>"; };
		CADCE5122BF852AC0026AC9E /* ErrorWindow.swift */ = {isa = PBXFileReference; fileEncoding = 4; lastKnownFileType = sourcecode.swift; path = ErrorWindow.swift; sourceTree = "<group>"; };
		CADCE5142BF9833B0026AC9E /* UserCard.swift */ = {isa = PBXFileReference; lastKnownFileType = sourcecode.swift; path = UserCard.swift; sourceTree = "<group>"; };
		CAE6B1722C11333E00303551 /* IncomingChatMessageCell.swift */ = {isa = PBXFileReference; lastKnownFileType = sourcecode.swift; path = IncomingChatMessageCell.swift; sourceTree = "<group>"; };
		CAEAEB702B840DE40056A0F1 /* Taskie.app */ = {isa = PBXFileReference; explicitFileType = wrapper.application; includeInIndex = 0; path = Taskie.app; sourceTree = BUILT_PRODUCTS_DIR; };
		CAEAEB732B840DE40056A0F1 /* AppDelegate.swift */ = {isa = PBXFileReference; lastKnownFileType = sourcecode.swift; path = AppDelegate.swift; sourceTree = "<group>"; };
		CAEAEB752B840DE40056A0F1 /* SceneDelegate.swift */ = {isa = PBXFileReference; lastKnownFileType = sourcecode.swift; path = SceneDelegate.swift; sourceTree = "<group>"; };
		CAEAEB772B840DE40056A0F1 /* RootVC.swift */ = {isa = PBXFileReference; lastKnownFileType = sourcecode.swift; path = RootVC.swift; sourceTree = "<group>"; };
		CAEAEB7C2B840DE50056A0F1 /* Assets.xcassets */ = {isa = PBXFileReference; lastKnownFileType = folder.assetcatalog; path = Assets.xcassets; sourceTree = "<group>"; };
		CAEAEB7F2B840DE50056A0F1 /* Base */ = {isa = PBXFileReference; lastKnownFileType = file.storyboard; name = Base; path = Base.lproj/LaunchScreen.storyboard; sourceTree = "<group>"; };
		CAEAEB812B840DE50056A0F1 /* Info.plist */ = {isa = PBXFileReference; lastKnownFileType = text.plist.xml; path = Info.plist; sourceTree = "<group>"; };
		CAECF4CD2C1A6340006938BC /* ChatView.swift */ = {isa = PBXFileReference; lastKnownFileType = sourcecode.swift; path = ChatView.swift; sourceTree = "<group>"; };
		CAECF4D02C1A6445006938BC /* ChatMessageView.swift */ = {isa = PBXFileReference; lastKnownFileType = sourcecode.swift; path = ChatMessageView.swift; sourceTree = "<group>"; };
		CAECF4D22C1A646A006938BC /* ChatBubbleView.swift */ = {isa = PBXFileReference; lastKnownFileType = sourcecode.swift; path = ChatBubbleView.swift; sourceTree = "<group>"; };
		CAECF4D42C1E6150006938BC /* ViewExtension.swift */ = {isa = PBXFileReference; lastKnownFileType = sourcecode.swift; path = ViewExtension.swift; sourceTree = "<group>"; };
		CAECF4D62C1E63B5006938BC /* FontExtension.swift */ = {isa = PBXFileReference; lastKnownFileType = sourcecode.swift; path = FontExtension.swift; sourceTree = "<group>"; };
/* End PBXFileReference section */

/* Begin PBXFrameworksBuildPhase section */
		CAEAEB6D2B840DE40056A0F1 /* Frameworks */ = {
			isa = PBXFrameworksBuildPhase;
			buildActionMask = 2147483647;
			files = (
				69F9DD7051B491B85DAC0BC2 /* Pods_Taskie.framework in Frameworks */,
			);
			runOnlyForDeploymentPostprocessing = 0;
		};
/* End PBXFrameworksBuildPhase section */

/* Begin PBXGroup section */
		1DBD03836C5CAF3299D42653 /* Frameworks */ = {
			isa = PBXGroup;
			children = (
				3AE6A7135AF1F49BB351D6D8 /* Pods_Taskie.framework */,
			);
			name = Frameworks;
			sourceTree = "<group>";
		};
		47344531631F00E0017BD9B3 /* Pods */ = {
			isa = PBXGroup;
			children = (
				1F2A5DCEA512CB5C4328730E /* Pods-Taskie.debug.xcconfig */,
				C9B2CD9A601156A1F34D40B1 /* Pods-Taskie.release.xcconfig */,
			);
			path = Pods;
			sourceTree = "<group>";
		};
		CA1683DC2B8D15740086153A /* Typography */ = {
			isa = PBXGroup;
			children = (
				CA1683DD2B8D15A00086153A /* Fredoka-VariableFont_wdth,wght.ttf */,
				CA1683DF2B8D24940086153A /* Typography.swift */,
			);
			path = Typography;
			sourceTree = "<group>";
		};
		CA1683E52B8D42500086153A /* Model */ = {
			isa = PBXGroup;
			children = (
				CAD443BC2C0C20FF006EBD26 /* DTO */,
				CA1683EA2B8D45D80086153A /* User.swift */,
				CACE2E842BA7CFDF007FD9F2 /* Household.swift */,
				CA55371C2BE33DB50053131C /* DenormalizedUser.swift */,
				CA5CB9D42C00116C00DD4FED /* Chore.swift */,
				CAD443BE2C0C2123006EBD26 /* ChatMessage.swift */,
			);
			path = Model;
			sourceTree = "<group>";
		};
		CA26D06F2BE016FC002B5962 /* UniversalLink */ = {
			isa = PBXGroup;
			children = (
				CA26D0702BE01734002B5962 /* apple-app-site-association */,
			);
			path = UniversalLink;
			sourceTree = "<group>";
		};
		CA3A69A82BE2F0F0009D669F /* AuthFlow */ = {
			isa = PBXGroup;
			children = (
				CADCE50C2BEDD88E0026AC9E /* Landing */,
				CADCE50A2BEDD86F0026AC9E /* LogIn */,
				CA7AA9662BEB274F004B1267 /* SignUp */,
			);
			path = AuthFlow;
			sourceTree = "<group>";
		};
		CA3A69A92BE2F102009D669F /* ChoreFlow */ = {
			isa = PBXGroup;
			children = (
				CAECF4CF2C1A63EE006938BC /* TaskChat */,
				CADCE50D2BEDD8A50026AC9E /* ViewModel */,
				CA7C69BE2B8C2FCD005B3CF2 /* ChoreListVC.swift */,
				CA48864A2B9EB3E1003F22C8 /* CreateChoreVC.swift */,
				CACE2E922BACA88A007FD9F2 /* ChoreDetailVC.swift */,
				CAD443A72C0A8DEE006EBD26 /* SubmitChoreViewModel.swift */,
				CAD443A82C0A8DEE006EBD26 /* SubmitChoreVC.swift */,
				CAD443AF2C0BC354006EBD26 /* TaskChatViewModel.swift */,
			);
			path = ChoreFlow;
			sourceTree = "<group>";
		};
		CA3A69AA2BE2F14C009D669F /* HouseholdFlow */ = {
			isa = PBXGroup;
			children = (
				CADCE5062BEDD7800026AC9E /* ViewModel */,
				CA3A69A52BE2E55E009D669F /* CreateOrJoinHouseholdVC.swift */,
				CACE2EB52BC4E11E007FD9F2 /* HouseholdMemberListVC.swift */,
				CA3A69B02BE2F1FC009D669F /* CreateHouseholdVC.swift */,
			);
			path = HouseholdFlow;
			sourceTree = "<group>";
		};
		CA48864E2B9EB483003F22C8 /* Xcode Template */ = {
			isa = PBXGroup;
			children = (
				CA48864F2B9EB4A3003F22C8 /* ___VARIABLE_productName-identifier___VC.txt */,
				CA4886512B9EB572003F22C8 /* ___VARIABLE_viewName-identifier___ViewModel.txt */,
				CA4886532B9EB5A9003F22C8 /* readme.txt */,
				CA4886552B9EB5F5003F22C8 /* TemplateInfo.txt */,
			);
			path = "Xcode Template";
			sourceTree = "<group>";
		};
		CA5CB9D12BFD7A3800DD4FED /* Mapper */ = {
			isa = PBXGroup;
			children = (
				CA5CB9D22BFD7A4800DD4FED /* ChoreMapper.swift */,
				CAD443C12C0C226F006EBD26 /* ChatMessageMapper.swift */,
			);
			path = Mapper;
			sourceTree = "<group>";
		};
		CA7AA9662BEB274F004B1267 /* SignUp */ = {
			isa = PBXGroup;
			children = (
				CADCE5072BEDD7A80026AC9E /* ViewModel */,
				CA7C69B82B846236005B3CF2 /* PickEmailVC.swift */,
				CA7AA9672BEB2772004B1267 /* PickPasswordVC.swift */,
				CA7AA9692BEB3352004B1267 /* EnterNameVC.swift */,
				CADCE5022BEDB6680026AC9E /* PickProfileColorVC.swift */,
			);
			path = SignUp;
			sourceTree = "<group>";
		};
		CA7C69B42B8456A5005B3CF2 /* View */ = {
			isa = PBXGroup;
			children = (
				CADCE50E2BEDD8C80026AC9E /* Root */,
				CADCE50F2BEDD8DA0026AC9E /* Menu */,
				CA3A69AA2BE2F14C009D669F /* HouseholdFlow */,
				CA3A69A92BE2F102009D669F /* ChoreFlow */,
				CA3A69A82BE2F0F0009D669F /* AuthFlow */,
				CA7E33032B8CEF8200CA7B20 /* Theme */,
				CA7C69C52B8C3E4D005B3CF2 /* Component */,
			);
			path = View;
			sourceTree = "<group>";
		};
		CA7C69B52B8456B9005B3CF2 /* Service */ = {
			isa = PBXGroup;
			children = (
				CA5CB9D12BFD7A3800DD4FED /* Mapper */,
				CA20AFEE2BA2D54000BE9C18 /* StorageService.swift */,
				CA7C69B62B8456D0005B3CF2 /* AuthService.swift */,
				CA1683E32B8D419A0086153A /* ChoreFirestoreService.swift */,
				CA1683E82B8D45A70086153A /* HouseholdFirestoreService.swift */,
				CACE2E862BA7E923007FD9F2 /* UserFirestoreService.swift */,
				CAD443B72C0BE291006EBD26 /* ChatMessageService.swift */,
			);
			path = Service;
			sourceTree = "<group>";
		};
		CA7C69C22B8C3734005B3CF2 /* Util */ = {
			isa = PBXGroup;
			children = (
				CA7C69C32B8C374F005B3CF2 /* UIViewControllerPreviewWrapper.swift */,
				CA7C69C82B8C4274005B3CF2 /* UIViewPreviewWrapper.swift */,
				CA1683EC2B8D9B980086153A /* LogUtil.swift */,
				CA20AFE42BA0D54100BE9C18 /* StringConstant.swift */,
				CACE2E822BA409EF007FD9F2 /* ImageLoader.swift */,
				CACE2EBE2BCDEB65007FD9F2 /* CodableUtil.swift */,
			);
			path = Util;
			sourceTree = "<group>";
		};
		CA7C69C52B8C3E4D005B3CF2 /* Component */ = {
			isa = PBXGroup;
			children = (
				CA81D1FD2C14DE740000C211 /* CollectionViewCell */,
				CAD443B92C0C18D9006EBD26 /* TableViewCell */,
				CADCE5122BF852AC0026AC9E /* ErrorWindow.swift */,
				CA7C69C62B8C3E96005B3CF2 /* PDSPrimaryButton.swift */,
				CA7E32FF2B8C580300CA7B20 /* PDSSecondaryButton.swift */,
				CACE2EA32BC381AC007FD9F2 /* PDSIconBarButton.swift */,
				CA7C69CA2B8C49E0005B3CF2 /* PDSTextField.swift */,
				CA7E33012B8C651F00CA7B20 /* PDSAlertVC.swift */,
				CA5535562BDE2CD900A5B2BC /* PDSLoadingIndicator.swift */,
				CA1683E12B8D2ED70086153A /* PDSLabel.swift */,
				CA20AFDC2B9FECE300BE9C18 /* PDSResizeWithKeyboardVC.swift */,
				CA20AFE02BA0A99700BE9C18 /* PDSCurrencyTextField.swift */,
				CA20AFE92BA2552900BE9C18 /* PDSImageRowSelectionVC.swift */,
				CACE2E962BAD01F7007FD9F2 /* PDSSwipableImageRowVC.swift */,
				CACE2E9F2BC32C79007FD9F2 /* PDSTitleWrapperVC.swift */,
				CADCE5142BF9833B0026AC9E /* UserCard.swift */,
				CAD443C52C0FB2AF006EBD26 /* PDSTextView.swift */,
			);
			path = Component;
			sourceTree = "<group>";
		};
		CA7E33032B8CEF8200CA7B20 /* Theme */ = {
			isa = PBXGroup;
			children = (
				CA1683DC2B8D15740086153A /* Typography */,
				CA7E33042B8CEFA200CA7B20 /* ThemeManager.swift */,
			);
			path = Theme;
			sourceTree = "<group>";
		};
		CA81D1FD2C14DE740000C211 /* CollectionViewCell */ = {
			isa = PBXGroup;
			children = (
				CA81D1FE2C14DEB20000C211 /* ImageCollectionViewCell.swift */,
			);
			path = CollectionViewCell;
			sourceTree = "<group>";
		};
		CACE2E882BA8FDD0007FD9F2 /* Repository */ = {
			isa = PBXGroup;
			children = (
				CACE2E892BA8FDF9007FD9F2 /* ChoreRepository.swift */,
				CACE2E8B2BA927A7007FD9F2 /* UserRepository.swift */,
				CACE2E8D2BA92D32007FD9F2 /* HouseholdRepository.swift */,
				CA5537202BE4431C0053131C /* InvitationRepository.swift */,
				CAD443B32C0BCC36006EBD26 /* ChatMessageRepository.swift */,
			);
			path = Repository;
			sourceTree = "<group>";
		};
		CACE2E982BAE1799007FD9F2 /* Extension */ = {
			isa = PBXGroup;
			children = (
				CA7E33062B8D008D00CA7B20 /* UIColorExtension.swift */,
				CA20AFDA2B9FD95000BE9C18 /* UIViewControllerExtension.swift */,
				CA20AFDE2BA000AF00BE9C18 /* UIViewExtension.swift */,
				CA20AFE22BA0D44A00BE9C18 /* StringExtension.swift */,
				CA20AFEC2BA261A100BE9C18 /* NSObjectExtension.swift */,
				CACE2E992BAE17C9007FD9F2 /* TimestampExtension.swift */,
				CACE2E9B2BB25AA6007FD9F2 /* UIStackViewExtension.swift */,
				CA55371A2BE2FCCE0053131C /* DocumentReferenceExtension.swift */,
				CAD443C32C0EB823006EBD26 /* DoubleExtension.swift */,
				CAECF4D42C1E6150006938BC /* ViewExtension.swift */,
				CAECF4D62C1E63B5006938BC /* FontExtension.swift */,
			);
			path = Extension;
			sourceTree = "<group>";
		};
		CAD443B92C0C18D9006EBD26 /* TableViewCell */ = {
			isa = PBXGroup;
			children = (
				CA460C402BFC21810016C0D4 /* HouseholdMemberCell.swift */,
				CACE2E802BA3FD7A007FD9F2 /* ChoreCell.swift */,
				CACE2EA52BC3A09A007FD9F2 /* MenuCell.swift */,
				CAD443BA2C0C18F1006EBD26 /* OutgoingChatMessageCell.swift */,
				CA81D2022C1508F70000C211 /* OutgoingChatMessageCellWithImage.swift */,
				CAE6B1722C11333E00303551 /* IncomingChatMessageCell.swift */,
			);
			path = TableViewCell;
			sourceTree = "<group>";
		};
		CAD443BC2C0C20FF006EBD26 /* DTO */ = {
			isa = PBXGroup;
			children = (
				CAD443B52C0BCCEB006EBD26 /* ChatMessageDTO.swift */,
				CA1683E62B8D425A0086153A /* ChoreDTO.swift */,
			);
			path = DTO;
			sourceTree = "<group>";
		};
		CADCE5062BEDD7800026AC9E /* ViewModel */ = {
			isa = PBXGroup;
			children = (
				CA3A69AF2BE2F1FC009D669F /* CreateHouseholdViewModel.swift */,
				CACE2EB42BC4E11E007FD9F2 /* HouseholdMemberListViewModel.swift */,
				CA3A69A42BE2E55E009D669F /* CreateOrJoinHouseholdViewModel.swift */,
			);
			path = ViewModel;
			sourceTree = "<group>";
		};
		CADCE5072BEDD7A80026AC9E /* ViewModel */ = {
			isa = PBXGroup;
			children = (
				CADCE5042BEDD2E40026AC9E /* EnterNameViewModel.swift */,
				CA1683F32B9E73330086153A /* SignUpViewModel.swift */,
				CADCE5082BEDD7DB0026AC9E /* PickProfileColorViewModel.swift */,
			);
			path = ViewModel;
			sourceTree = "<group>";
		};
		CADCE50A2BEDD86F0026AC9E /* LogIn */ = {
			isa = PBXGroup;
			children = (
				CA1683F12B9E70D50086153A /* LogInViewModel.swift */,
				CA7C69BA2B846843005B3CF2 /* LogInVC.swift */,
			);
			path = LogIn;
			sourceTree = "<group>";
		};
		CADCE50C2BEDD88E0026AC9E /* Landing */ = {
			isa = PBXGroup;
			children = (
				CACE2EC32BD9CE30007FD9F2 /* LandingVC.swift */,
				CACE2EC22BD9CE30007FD9F2 /* LandingViewModel.swift */,
			);
			path = Landing;
			sourceTree = "<group>";
		};
		CADCE50D2BEDD8A50026AC9E /* ViewModel */ = {
			isa = PBXGroup;
			children = (
				CA1683EF2B9D305D0086153A /* ChoreListViewModel.swift */,
				CA4886492B9EB3E1003F22C8 /* CreateChoreViewModel.swift */,
				CACE2E912BACA88A007FD9F2 /* ChoreDetailViewModel.swift */,
			);
			path = ViewModel;
			sourceTree = "<group>";
		};
		CADCE50E2BEDD8C80026AC9E /* Root */ = {
			isa = PBXGroup;
			children = (
				CAEAEB772B840DE40056A0F1 /* RootVC.swift */,
				CA1683F52B9E74D60086153A /* RootViewModel.swift */,
			);
			path = Root;
			sourceTree = "<group>";
		};
		CADCE50F2BEDD8DA0026AC9E /* Menu */ = {
			isa = PBXGroup;
			children = (
				CA7C69C02B8C2FDD005B3CF2 /* MenuVC.swift */,
				CA1683F72B9E80910086153A /* MenuViewModel.swift */,
			);
			path = Menu;
			sourceTree = "<group>";
		};
		CAEAEB672B840DE40056A0F1 = {
			isa = PBXGroup;
			children = (
				CAEAEB722B840DE40056A0F1 /* Taskie */,
				CAEAEB712B840DE40056A0F1 /* Products */,
				47344531631F00E0017BD9B3 /* Pods */,
				1DBD03836C5CAF3299D42653 /* Frameworks */,
			);
			sourceTree = "<group>";
		};
		CAEAEB712B840DE40056A0F1 /* Products */ = {
			isa = PBXGroup;
			children = (
				CAEAEB702B840DE40056A0F1 /* Taskie.app */,
			);
			name = Products;
			sourceTree = "<group>";
		};
		CAEAEB722B840DE40056A0F1 /* Taskie */ = {
			isa = PBXGroup;
			children = (
				CA26D0722BE020A5002B5962 /* Taskie.entitlements */,
				CA26D06F2BE016FC002B5962 /* UniversalLink */,
				CACE2E982BAE1799007FD9F2 /* Extension */,
				CA7C69C22B8C3734005B3CF2 /* Util */,
				CACE2E882BA8FDD0007FD9F2 /* Repository */,
				CA7C69B52B8456B9005B3CF2 /* Service */,
				CA1683E52B8D42500086153A /* Model */,
				CA48864E2B9EB483003F22C8 /* Xcode Template */,
				CA7C69B42B8456A5005B3CF2 /* View */,
				CAEAEB732B840DE40056A0F1 /* AppDelegate.swift */,
				CAEAEB752B840DE40056A0F1 /* SceneDelegate.swift */,
				CAEAEB7C2B840DE50056A0F1 /* Assets.xcassets */,
				CAEAEB7E2B840DE50056A0F1 /* LaunchScreen.storyboard */,
				CAEAEB812B840DE50056A0F1 /* Info.plist */,
				CA3A69902BE062C7009D669F /* GoogleService-Info.plist */,
				CACE2E8F2BA9F5C9007FD9F2 /* Dependency.swift */,
			);
			path = Taskie;
			sourceTree = "<group>";
		};
		CAECF4CF2C1A63EE006938BC /* TaskChat */ = {
			isa = PBXGroup;
			children = (
				CAECF4CD2C1A6340006938BC /* ChatView.swift */,
				CAD443B02C0BC354006EBD26 /* TaskChatVC.swift */,
				CAECF4D02C1A6445006938BC /* ChatMessageView.swift */,
				CAECF4D22C1A646A006938BC /* ChatBubbleView.swift */,
			);
			path = TaskChat;
			sourceTree = "<group>";
		};
/* End PBXGroup section */

/* Begin PBXNativeTarget section */
		CAEAEB6F2B840DE40056A0F1 /* Taskie */ = {
			isa = PBXNativeTarget;
			buildConfigurationList = CAEAEB842B840DE50056A0F1 /* Build configuration list for PBXNativeTarget "Taskie" */;
			buildPhases = (
				D807433381F46B9E0F63AE0D /* [CP] Check Pods Manifest.lock */,
				CAEAEB6C2B840DE40056A0F1 /* Sources */,
				CAEAEB6D2B840DE40056A0F1 /* Frameworks */,
				CAEAEB6E2B840DE40056A0F1 /* Resources */,
				76EC1C808985B6F724B6C33D /* [CP] Embed Pods Frameworks */,
			);
			buildRules = (
			);
			dependencies = (
			);
			name = Taskie;
			productName = RebootChoreReward;
			productReference = CAEAEB702B840DE40056A0F1 /* Taskie.app */;
			productType = "com.apple.product-type.application";
		};
/* End PBXNativeTarget section */

/* Begin PBXProject section */
		CAEAEB682B840DE40056A0F1 /* Project object */ = {
			isa = PBXProject;
			attributes = {
				BuildIndependentTargetsInParallel = 1;
				LastSwiftUpdateCheck = 1520;
				LastUpgradeCheck = 1520;
				TargetAttributes = {
					CAEAEB6F2B840DE40056A0F1 = {
						CreatedOnToolsVersion = 15.2;
					};
				};
			};
			buildConfigurationList = CAEAEB6B2B840DE40056A0F1 /* Build configuration list for PBXProject "Taskie" */;
			compatibilityVersion = "Xcode 14.0";
			developmentRegion = en;
			hasScannedForEncodings = 0;
			knownRegions = (
				en,
				Base,
			);
			mainGroup = CAEAEB672B840DE40056A0F1;
			productRefGroup = CAEAEB712B840DE40056A0F1 /* Products */;
			projectDirPath = "";
			projectRoot = "";
			targets = (
				CAEAEB6F2B840DE40056A0F1 /* Taskie */,
			);
		};
/* End PBXProject section */

/* Begin PBXResourcesBuildPhase section */
		CAEAEB6E2B840DE40056A0F1 /* Resources */ = {
			isa = PBXResourcesBuildPhase;
			buildActionMask = 2147483647;
			files = (
				CA4886542B9EB5A9003F22C8 /* readme.txt in Resources */,
				CA1683DE2B8D15A00086153A /* Fredoka-VariableFont_wdth,wght.ttf in Resources */,
				CAEAEB802B840DE50056A0F1 /* LaunchScreen.storyboard in Resources */,
				CA3A69912BE062C7009D669F /* GoogleService-Info.plist in Resources */,
				CA4886522B9EB572003F22C8 /* ___VARIABLE_viewName-identifier___ViewModel.txt in Resources */,
				CA4886562B9EB5F5003F22C8 /* TemplateInfo.txt in Resources */,
				CA26D0712BE01734002B5962 /* apple-app-site-association in Resources */,
				CAEAEB7D2B840DE50056A0F1 /* Assets.xcassets in Resources */,
			);
			runOnlyForDeploymentPostprocessing = 0;
		};
/* End PBXResourcesBuildPhase section */

/* Begin PBXShellScriptBuildPhase section */
		76EC1C808985B6F724B6C33D /* [CP] Embed Pods Frameworks */ = {
			isa = PBXShellScriptBuildPhase;
			buildActionMask = 2147483647;
			files = (
			);
			inputFileListPaths = (
				"${PODS_ROOT}/Target Support Files/Pods-Taskie/Pods-Taskie-frameworks-${CONFIGURATION}-input-files.xcfilelist",
			);
			name = "[CP] Embed Pods Frameworks";
			outputFileListPaths = (
				"${PODS_ROOT}/Target Support Files/Pods-Taskie/Pods-Taskie-frameworks-${CONFIGURATION}-output-files.xcfilelist",
			);
			runOnlyForDeploymentPostprocessing = 0;
			shellPath = /bin/sh;
			shellScript = "\"${PODS_ROOT}/Target Support Files/Pods-Taskie/Pods-Taskie-frameworks.sh\"\n";
			showEnvVarsInLog = 0;
		};
		D807433381F46B9E0F63AE0D /* [CP] Check Pods Manifest.lock */ = {
			isa = PBXShellScriptBuildPhase;
			buildActionMask = 2147483647;
			files = (
			);
			inputFileListPaths = (
			);
			inputPaths = (
				"${PODS_PODFILE_DIR_PATH}/Podfile.lock",
				"${PODS_ROOT}/Manifest.lock",
			);
			name = "[CP] Check Pods Manifest.lock";
			outputFileListPaths = (
			);
			outputPaths = (
				"$(DERIVED_FILE_DIR)/Pods-Taskie-checkManifestLockResult.txt",
			);
			runOnlyForDeploymentPostprocessing = 0;
			shellPath = /bin/sh;
			shellScript = "diff \"${PODS_PODFILE_DIR_PATH}/Podfile.lock\" \"${PODS_ROOT}/Manifest.lock\" > /dev/null\nif [ $? != 0 ] ; then\n    # print error to STDERR\n    echo \"error: The sandbox is not in sync with the Podfile.lock. Run 'pod install' or update your CocoaPods installation.\" >&2\n    exit 1\nfi\n# This output is used by Xcode 'outputs' to avoid re-running this script phase.\necho \"SUCCESS\" > \"${SCRIPT_OUTPUT_FILE_0}\"\n";
			showEnvVarsInLog = 0;
		};
/* End PBXShellScriptBuildPhase section */

/* Begin PBXSourcesBuildPhase section */
		CAEAEB6C2B840DE40056A0F1 /* Sources */ = {
			isa = PBXSourcesBuildPhase;
			buildActionMask = 2147483647;
			files = (
				CACE2EC52BD9CE30007FD9F2 /* LandingVC.swift in Sources */,
				CAD443B42C0BCC36006EBD26 /* ChatMessageRepository.swift in Sources */,
				CA20AFE12BA0A99700BE9C18 /* PDSCurrencyTextField.swift in Sources */,
				CA7E33072B8D008D00CA7B20 /* UIColorExtension.swift in Sources */,
				CAEAEB782B840DE40056A0F1 /* RootVC.swift in Sources */,
				CA20AFE32BA0D44A00BE9C18 /* StringExtension.swift in Sources */,
				CAD443B22C0BC354006EBD26 /* TaskChatVC.swift in Sources */,
				CAE6B1732C11333E00303551 /* IncomingChatMessageCell.swift in Sources */,
				CADCE5152BF9833B0026AC9E /* UserCard.swift in Sources */,
				CAD443B82C0BE291006EBD26 /* ChatMessageService.swift in Sources */,
				CA1683F82B9E80910086153A /* MenuViewModel.swift in Sources */,
				CAD443C42C0EB823006EBD26 /* DoubleExtension.swift in Sources */,
				CA7C69C72B8C3E96005B3CF2 /* PDSPrimaryButton.swift in Sources */,
				CA1683E42B8D419A0086153A /* ChoreFirestoreService.swift in Sources */,
				CAD443B62C0BCCEB006EBD26 /* ChatMessageDTO.swift in Sources */,
				CACE2E9C2BB25AA6007FD9F2 /* UIStackViewExtension.swift in Sources */,
				CAD443C62C0FB2AF006EBD26 /* PDSTextView.swift in Sources */,
				CACE2EA42BC381AC007FD9F2 /* PDSIconBarButton.swift in Sources */,
				CACE2E8E2BA92D32007FD9F2 /* HouseholdRepository.swift in Sources */,
				CA1683E22B8D2ED70086153A /* PDSLabel.swift in Sources */,
				CADCE5052BEDD2E40026AC9E /* EnterNameViewModel.swift in Sources */,
				CAEAEB742B840DE40056A0F1 /* AppDelegate.swift in Sources */,
				CA81D2032C1508F70000C211 /* OutgoingChatMessageCellWithImage.swift in Sources */,
				CA7E33022B8C651F00CA7B20 /* PDSAlertVC.swift in Sources */,
				CA7C69CB2B8C49E0005B3CF2 /* PDSTextField.swift in Sources */,
				CA7C69BF2B8C2FCD005B3CF2 /* ChoreListVC.swift in Sources */,
				CA7C69C42B8C374F005B3CF2 /* UIViewControllerPreviewWrapper.swift in Sources */,
				CA55371B2BE2FCCE0053131C /* DocumentReferenceExtension.swift in Sources */,
				CA5535572BDE2CD900A5B2BC /* PDSLoadingIndicator.swift in Sources */,
				CACE2E812BA3FD7A007FD9F2 /* ChoreCell.swift in Sources */,
				CAECF4D72C1E63B5006938BC /* FontExtension.swift in Sources */,
				CACE2E8C2BA927A7007FD9F2 /* UserRepository.swift in Sources */,
				CA7AA96A2BEB3352004B1267 /* EnterNameVC.swift in Sources */,
				CA7E33002B8C580300CA7B20 /* PDSSecondaryButton.swift in Sources */,
				CA7C69C12B8C2FDD005B3CF2 /* MenuVC.swift in Sources */,
				CA1683E92B8D45A70086153A /* HouseholdFirestoreService.swift in Sources */,
				CA1683F42B9E73330086153A /* SignUpViewModel.swift in Sources */,
				CA7C69BB2B846843005B3CF2 /* LogInVC.swift in Sources */,
				CACE2E932BACA88A007FD9F2 /* ChoreDetailViewModel.swift in Sources */,
				CACE2E9A2BAE17C9007FD9F2 /* TimestampExtension.swift in Sources */,
				CAEAEB762B840DE40056A0F1 /* SceneDelegate.swift in Sources */,
				CA7E33052B8CEFA200CA7B20 /* ThemeManager.swift in Sources */,
				CA5CB9D52C00116C00DD4FED /* Chore.swift in Sources */,
				CA48864C2B9EB3E1003F22C8 /* CreateChoreVC.swift in Sources */,
				CA3A69A62BE2E55E009D669F /* CreateOrJoinHouseholdViewModel.swift in Sources */,
				CAD443B12C0BC354006EBD26 /* TaskChatViewModel.swift in Sources */,
				CA460C412BFC21810016C0D4 /* HouseholdMemberCell.swift in Sources */,
				CA1683ED2B8D9B980086153A /* LogUtil.swift in Sources */,
				CACE2E8A2BA8FDF9007FD9F2 /* ChoreRepository.swift in Sources */,
				CA7AA9682BEB2772004B1267 /* PickPasswordVC.swift in Sources */,
				CA20AFDB2B9FD95000BE9C18 /* UIViewControllerExtension.swift in Sources */,
				CADCE5132BF852AC0026AC9E /* ErrorWindow.swift in Sources */,
				CA7C69B92B846236005B3CF2 /* PickEmailVC.swift in Sources */,
				CA20AFE52BA0D54100BE9C18 /* StringConstant.swift in Sources */,
				CAD443AA2C0A8DEE006EBD26 /* SubmitChoreVC.swift in Sources */,
				CAECF4D32C1A646A006938BC /* ChatBubbleView.swift in Sources */,
				CA3A69A72BE2E55E009D669F /* CreateOrJoinHouseholdVC.swift in Sources */,
				CAECF4D52C1E6150006938BC /* ViewExtension.swift in Sources */,
				CA7C69C92B8C4274005B3CF2 /* UIViewPreviewWrapper.swift in Sources */,
				CACE2E832BA409F0007FD9F2 /* ImageLoader.swift in Sources */,
				CAD443BB2C0C18F1006EBD26 /* OutgoingChatMessageCell.swift in Sources */,
				CA1683E72B8D425A0086153A /* ChoreDTO.swift in Sources */,
				CACE2E972BAD01F7007FD9F2 /* PDSSwipableImageRowVC.swift in Sources */,
				CA20AFEF2BA2D54000BE9C18 /* StorageService.swift in Sources */,
				CACE2EB62BC4E11E007FD9F2 /* HouseholdMemberListViewModel.swift in Sources */,
				CA20AFDF2BA000AF00BE9C18 /* UIViewExtension.swift in Sources */,
				CA81D1FF2C14DEB20000C211 /* ImageCollectionViewCell.swift in Sources */,
				CADCE5092BEDD7DB0026AC9E /* PickProfileColorViewModel.swift in Sources */,
				CACE2E872BA7E923007FD9F2 /* UserFirestoreService.swift in Sources */,
				CA55371D2BE33DB50053131C /* DenormalizedUser.swift in Sources */,
				CACE2EA62BC3A09A007FD9F2 /* MenuCell.swift in Sources */,
				CA5537212BE4431C0053131C /* InvitationRepository.swift in Sources */,
				CA1683F62B9E74D60086153A /* RootViewModel.swift in Sources */,
				CAD443A92C0A8DEE006EBD26 /* SubmitChoreViewModel.swift in Sources */,
				CA20AFED2BA261A200BE9C18 /* NSObjectExtension.swift in Sources */,
				CA48864B2B9EB3E1003F22C8 /* CreateChoreViewModel.swift in Sources */,
				CACE2E902BA9F5C9007FD9F2 /* Dependency.swift in Sources */,
				CACE2E942BACA88A007FD9F2 /* ChoreDetailVC.swift in Sources */,
				CAECF4D12C1A6445006938BC /* ChatMessageView.swift in Sources */,
				CACE2EB72BC4E11E007FD9F2 /* HouseholdMemberListVC.swift in Sources */,
				CA3A69B22BE2F1FC009D669F /* CreateHouseholdVC.swift in Sources */,
				CA3A69B12BE2F1FC009D669F /* CreateHouseholdViewModel.swift in Sources */,
				CACE2EA02BC32C79007FD9F2 /* PDSTitleWrapperVC.swift in Sources */,
				CA20AFDD2B9FECE300BE9C18 /* PDSResizeWithKeyboardVC.swift in Sources */,
				CACE2E852BA7CFDF007FD9F2 /* Household.swift in Sources */,
				CAD443C22C0C226F006EBD26 /* ChatMessageMapper.swift in Sources */,
				CAECF4CE2C1A6340006938BC /* ChatView.swift in Sources */,
				CA20AFEB2BA2552900BE9C18 /* PDSImageRowSelectionVC.swift in Sources */,
				CA1683E02B8D24940086153A /* Typography.swift in Sources */,
				CAD443BF2C0C2123006EBD26 /* ChatMessage.swift in Sources */,
				CA7C69B72B8456D0005B3CF2 /* AuthService.swift in Sources */,
				CA1683F02B9D305D0086153A /* ChoreListViewModel.swift in Sources */,
				CA1683F22B9E70D50086153A /* LogInViewModel.swift in Sources */,
				CACE2EBF2BCDEB65007FD9F2 /* CodableUtil.swift in Sources */,
				CADCE5032BEDB6680026AC9E /* PickProfileColorVC.swift in Sources */,
				CA5CB9D32BFD7A4800DD4FED /* ChoreMapper.swift in Sources */,
				CACE2EC42BD9CE30007FD9F2 /* LandingViewModel.swift in Sources */,
				CA1683EB2B8D45D80086153A /* User.swift in Sources */,
			);
			runOnlyForDeploymentPostprocessing = 0;
		};
/* End PBXSourcesBuildPhase section */

/* Begin PBXVariantGroup section */
		CAEAEB7E2B840DE50056A0F1 /* LaunchScreen.storyboard */ = {
			isa = PBXVariantGroup;
			children = (
				CAEAEB7F2B840DE50056A0F1 /* Base */,
			);
			name = LaunchScreen.storyboard;
			sourceTree = "<group>";
		};
/* End PBXVariantGroup section */

/* Begin XCBuildConfiguration section */
		CAEAEB822B840DE50056A0F1 /* Debug */ = {
			isa = XCBuildConfiguration;
			buildSettings = {
				ALWAYS_SEARCH_USER_PATHS = NO;
				ASSETCATALOG_COMPILER_GENERATE_SWIFT_ASSET_SYMBOL_EXTENSIONS = YES;
				CLANG_ANALYZER_NONNULL = YES;
				CLANG_ANALYZER_NUMBER_OBJECT_CONVERSION = YES_AGGRESSIVE;
				CLANG_CXX_LANGUAGE_STANDARD = "gnu++20";
				CLANG_ENABLE_MODULES = YES;
				CLANG_ENABLE_OBJC_ARC = YES;
				CLANG_ENABLE_OBJC_WEAK = YES;
				CLANG_WARN_BLOCK_CAPTURE_AUTORELEASING = YES;
				CLANG_WARN_BOOL_CONVERSION = YES;
				CLANG_WARN_COMMA = YES;
				CLANG_WARN_CONSTANT_CONVERSION = YES;
				CLANG_WARN_DEPRECATED_OBJC_IMPLEMENTATIONS = YES;
				CLANG_WARN_DIRECT_OBJC_ISA_USAGE = YES_ERROR;
				CLANG_WARN_DOCUMENTATION_COMMENTS = YES;
				CLANG_WARN_EMPTY_BODY = YES;
				CLANG_WARN_ENUM_CONVERSION = YES;
				CLANG_WARN_INFINITE_RECURSION = YES;
				CLANG_WARN_INT_CONVERSION = YES;
				CLANG_WARN_NON_LITERAL_NULL_CONVERSION = YES;
				CLANG_WARN_OBJC_IMPLICIT_RETAIN_SELF = YES;
				CLANG_WARN_OBJC_LITERAL_CONVERSION = YES;
				CLANG_WARN_OBJC_ROOT_CLASS = YES_ERROR;
				CLANG_WARN_QUOTED_INCLUDE_IN_FRAMEWORK_HEADER = YES;
				CLANG_WARN_RANGE_LOOP_ANALYSIS = YES;
				CLANG_WARN_STRICT_PROTOTYPES = YES;
				CLANG_WARN_SUSPICIOUS_MOVE = YES;
				CLANG_WARN_UNGUARDED_AVAILABILITY = YES_AGGRESSIVE;
				CLANG_WARN_UNREACHABLE_CODE = YES;
				CLANG_WARN__DUPLICATE_METHOD_MATCH = YES;
				COPY_PHASE_STRIP = NO;
				DEBUG_INFORMATION_FORMAT = dwarf;
				ENABLE_STRICT_OBJC_MSGSEND = YES;
				ENABLE_TESTABILITY = YES;
				ENABLE_USER_SCRIPT_SANDBOXING = YES;
				GCC_C_LANGUAGE_STANDARD = gnu17;
				GCC_DYNAMIC_NO_PIC = NO;
				GCC_NO_COMMON_BLOCKS = YES;
				GCC_OPTIMIZATION_LEVEL = 0;
				GCC_PREPROCESSOR_DEFINITIONS = (
					"DEBUG=1",
					"$(inherited)",
				);
				GCC_WARN_64_TO_32_BIT_CONVERSION = YES;
				GCC_WARN_ABOUT_RETURN_TYPE = YES_ERROR;
				GCC_WARN_UNDECLARED_SELECTOR = YES;
				GCC_WARN_UNINITIALIZED_AUTOS = YES_AGGRESSIVE;
				GCC_WARN_UNUSED_FUNCTION = YES;
				GCC_WARN_UNUSED_VARIABLE = YES;
				IPHONEOS_DEPLOYMENT_TARGET = 17.2;
				LOCALIZATION_PREFERS_STRING_CATALOGS = YES;
				MTL_ENABLE_DEBUG_INFO = INCLUDE_SOURCE;
				MTL_FAST_MATH = YES;
				ONLY_ACTIVE_ARCH = YES;
				SDKROOT = iphoneos;
				SWIFT_ACTIVE_COMPILATION_CONDITIONS = "DEBUG $(inherited)";
				SWIFT_OPTIMIZATION_LEVEL = "-Onone";
			};
			name = Debug;
		};
		CAEAEB832B840DE50056A0F1 /* Release */ = {
			isa = XCBuildConfiguration;
			buildSettings = {
				ALWAYS_SEARCH_USER_PATHS = NO;
				ASSETCATALOG_COMPILER_GENERATE_SWIFT_ASSET_SYMBOL_EXTENSIONS = YES;
				CLANG_ANALYZER_NONNULL = YES;
				CLANG_ANALYZER_NUMBER_OBJECT_CONVERSION = YES_AGGRESSIVE;
				CLANG_CXX_LANGUAGE_STANDARD = "gnu++20";
				CLANG_ENABLE_MODULES = YES;
				CLANG_ENABLE_OBJC_ARC = YES;
				CLANG_ENABLE_OBJC_WEAK = YES;
				CLANG_WARN_BLOCK_CAPTURE_AUTORELEASING = YES;
				CLANG_WARN_BOOL_CONVERSION = YES;
				CLANG_WARN_COMMA = YES;
				CLANG_WARN_CONSTANT_CONVERSION = YES;
				CLANG_WARN_DEPRECATED_OBJC_IMPLEMENTATIONS = YES;
				CLANG_WARN_DIRECT_OBJC_ISA_USAGE = YES_ERROR;
				CLANG_WARN_DOCUMENTATION_COMMENTS = YES;
				CLANG_WARN_EMPTY_BODY = YES;
				CLANG_WARN_ENUM_CONVERSION = YES;
				CLANG_WARN_INFINITE_RECURSION = YES;
				CLANG_WARN_INT_CONVERSION = YES;
				CLANG_WARN_NON_LITERAL_NULL_CONVERSION = YES;
				CLANG_WARN_OBJC_IMPLICIT_RETAIN_SELF = YES;
				CLANG_WARN_OBJC_LITERAL_CONVERSION = YES;
				CLANG_WARN_OBJC_ROOT_CLASS = YES_ERROR;
				CLANG_WARN_QUOTED_INCLUDE_IN_FRAMEWORK_HEADER = YES;
				CLANG_WARN_RANGE_LOOP_ANALYSIS = YES;
				CLANG_WARN_STRICT_PROTOTYPES = YES;
				CLANG_WARN_SUSPICIOUS_MOVE = YES;
				CLANG_WARN_UNGUARDED_AVAILABILITY = YES_AGGRESSIVE;
				CLANG_WARN_UNREACHABLE_CODE = YES;
				CLANG_WARN__DUPLICATE_METHOD_MATCH = YES;
				COPY_PHASE_STRIP = NO;
				DEBUG_INFORMATION_FORMAT = "dwarf-with-dsym";
				ENABLE_NS_ASSERTIONS = NO;
				ENABLE_STRICT_OBJC_MSGSEND = YES;
				ENABLE_USER_SCRIPT_SANDBOXING = YES;
				GCC_C_LANGUAGE_STANDARD = gnu17;
				GCC_NO_COMMON_BLOCKS = YES;
				GCC_WARN_64_TO_32_BIT_CONVERSION = YES;
				GCC_WARN_ABOUT_RETURN_TYPE = YES_ERROR;
				GCC_WARN_UNDECLARED_SELECTOR = YES;
				GCC_WARN_UNINITIALIZED_AUTOS = YES_AGGRESSIVE;
				GCC_WARN_UNUSED_FUNCTION = YES;
				GCC_WARN_UNUSED_VARIABLE = YES;
				IPHONEOS_DEPLOYMENT_TARGET = 17.2;
				LOCALIZATION_PREFERS_STRING_CATALOGS = YES;
				MTL_ENABLE_DEBUG_INFO = NO;
				MTL_FAST_MATH = YES;
				SDKROOT = iphoneos;
				SWIFT_COMPILATION_MODE = wholemodule;
				VALIDATE_PRODUCT = YES;
			};
			name = Release;
		};
		CAEAEB852B840DE50056A0F1 /* Debug */ = {
			isa = XCBuildConfiguration;
			baseConfigurationReference = 1F2A5DCEA512CB5C4328730E /* Pods-Taskie.debug.xcconfig */;
			buildSettings = {
				ASSETCATALOG_COMPILER_APPICON_NAME = AppIcon;
				ASSETCATALOG_COMPILER_GLOBAL_ACCENT_COLOR_NAME = AccentColor;
				CODE_SIGN_ENTITLEMENTS = Taskie/Taskie.entitlements;
				"CODE_SIGN_IDENTITY[sdk=iphoneos*]" = "iPhone Developer";
				CODE_SIGN_STYLE = Manual;
				CURRENT_PROJECT_VERSION = 7;
				DEVELOPMENT_TEAM = "";
				"DEVELOPMENT_TEAM[sdk=iphoneos*]" = ZRF6QZUXP5;
				ENABLE_USER_SCRIPT_SANDBOXING = NO;
				GENERATE_INFOPLIST_FILE = YES;
				INFOPLIST_FILE = Taskie/Info.plist;
				INFOPLIST_KEY_CFBundleDisplayName = Taskie;
				INFOPLIST_KEY_UIApplicationSupportsIndirectInputEvents = YES;
				INFOPLIST_KEY_UILaunchStoryboardName = LaunchScreen;
				INFOPLIST_KEY_UISupportedInterfaceOrientations = UIInterfaceOrientationPortrait;
				LD_RUNPATH_SEARCH_PATHS = (
					"$(inherited)",
					"@executable_path/Frameworks",
				);
				MARKETING_VERSION = 1.0;
				PRODUCT_BUNDLE_IDENTIFIER = panto.Taskie;
				PRODUCT_NAME = "$(TARGET_NAME)";
				PROVISIONING_PROFILE_SPECIFIER = "";
				"PROVISIONING_PROFILE_SPECIFIER[sdk=iphoneos*]" = "Development Profile for Taskie";
				SUPPORTED_PLATFORMS = "iphoneos iphonesimulator";
				SUPPORTS_MACCATALYST = NO;
				SUPPORTS_MAC_DESIGNED_FOR_IPHONE_IPAD = NO;
				SUPPORTS_XR_DESIGNED_FOR_IPHONE_IPAD = NO;
				SWIFT_EMIT_LOC_STRINGS = YES;
				SWIFT_VERSION = 5.0;
				TARGETED_DEVICE_FAMILY = "1,2";
			};
			name = Debug;
		};
		CAEAEB862B840DE50056A0F1 /* Release */ = {
			isa = XCBuildConfiguration;
			baseConfigurationReference = C9B2CD9A601156A1F34D40B1 /* Pods-Taskie.release.xcconfig */;
			buildSettings = {
				ASSETCATALOG_COMPILER_APPICON_NAME = AppIcon;
				ASSETCATALOG_COMPILER_GLOBAL_ACCENT_COLOR_NAME = AccentColor;
				CODE_SIGN_ENTITLEMENTS = Taskie/Taskie.entitlements;
				"CODE_SIGN_IDENTITY[sdk=iphoneos*]" = "iPhone Distribution";
				CODE_SIGN_STYLE = Manual;
				CURRENT_PROJECT_VERSION = 7;
				DEVELOPMENT_TEAM = "";
				"DEVELOPMENT_TEAM[sdk=iphoneos*]" = ZRF6QZUXP5;
				ENABLE_USER_SCRIPT_SANDBOXING = NO;
				GENERATE_INFOPLIST_FILE = YES;
				INFOPLIST_FILE = Taskie/Info.plist;
				INFOPLIST_KEY_CFBundleDisplayName = Taskie;
				INFOPLIST_KEY_UIApplicationSupportsIndirectInputEvents = YES;
				INFOPLIST_KEY_UILaunchStoryboardName = LaunchScreen;
				INFOPLIST_KEY_UISupportedInterfaceOrientations = UIInterfaceOrientationPortrait;
				LD_RUNPATH_SEARCH_PATHS = (
					"$(inherited)",
					"@executable_path/Frameworks",
				);
				MARKETING_VERSION = 1.0;
				PRODUCT_BUNDLE_IDENTIFIER = panto.Taskie;
				PRODUCT_NAME = "$(TARGET_NAME)";
				PROVISIONING_PROFILE_SPECIFIER = "";
				"PROVISIONING_PROFILE_SPECIFIER[sdk=iphoneos*]" = "Ad Hoc";
				SUPPORTED_PLATFORMS = "iphoneos iphonesimulator";
				SUPPORTS_MACCATALYST = NO;
				SUPPORTS_MAC_DESIGNED_FOR_IPHONE_IPAD = NO;
				SUPPORTS_XR_DESIGNED_FOR_IPHONE_IPAD = NO;
				SWIFT_EMIT_LOC_STRINGS = YES;
				SWIFT_VERSION = 5.0;
				TARGETED_DEVICE_FAMILY = "1,2";
			};
			name = Release;
		};
/* End XCBuildConfiguration section */

/* Begin XCConfigurationList section */
		CAEAEB6B2B840DE40056A0F1 /* Build configuration list for PBXProject "Taskie" */ = {
			isa = XCConfigurationList;
			buildConfigurations = (
				CAEAEB822B840DE50056A0F1 /* Debug */,
				CAEAEB832B840DE50056A0F1 /* Release */,
			);
			defaultConfigurationIsVisible = 0;
			defaultConfigurationName = Release;
		};
		CAEAEB842B840DE50056A0F1 /* Build configuration list for PBXNativeTarget "Taskie" */ = {
			isa = XCConfigurationList;
			buildConfigurations = (
				CAEAEB852B840DE50056A0F1 /* Debug */,
				CAEAEB862B840DE50056A0F1 /* Release */,
			);
			defaultConfigurationIsVisible = 0;
			defaultConfigurationName = Release;
		};
/* End XCConfigurationList section */
	};
	rootObject = CAEAEB682B840DE40056A0F1 /* Project object */;
}
