// !$*UTF8*$!
{
	archiveVersion = 1;
	classes = {
	};
	objectVersion = 56;
	objects = {

/* Begin PBXBuildFile section */
		CA1683DE2B8D15A00086153A /* Fredoka-VariableFont_wdth,wght.ttf in Resources */ = {isa = PBXBuildFile; fileRef = CA1683DD2B8D15A00086153A /* Fredoka-VariableFont_wdth,wght.ttf */; };
		CA1683E02B8D24940086153A /* Typography.swift in Sources */ = {isa = PBXBuildFile; fileRef = CA1683DF2B8D24940086153A /* Typography.swift */; };
		CA1683E22B8D2ED70086153A /* PDSLabel.swift in Sources */ = {isa = PBXBuildFile; fileRef = CA1683E12B8D2ED70086153A /* PDSLabel.swift */; };
		CA1683E42B8D419A0086153A /* ChoreFirestoreService.swift in Sources */ = {isa = PBXBuildFile; fileRef = CA1683E32B8D419A0086153A /* ChoreFirestoreService.swift */; };
		CA1683E72B8D425A0086153A /* Chore.swift in Sources */ = {isa = PBXBuildFile; fileRef = CA1683E62B8D425A0086153A /* Chore.swift */; };
		CA1683E92B8D45A70086153A /* UserFirestoreService.swift in Sources */ = {isa = PBXBuildFile; fileRef = CA1683E82B8D45A70086153A /* UserFirestoreService.swift */; };
		CA1683EB2B8D45D80086153A /* User.swift in Sources */ = {isa = PBXBuildFile; fileRef = CA1683EA2B8D45D80086153A /* User.swift */; };
		CA1683ED2B8D9B980086153A /* LogUtil.swift in Sources */ = {isa = PBXBuildFile; fileRef = CA1683EC2B8D9B980086153A /* LogUtil.swift */; };
		CA1683F02B9D305D0086153A /* ChoreListViewModel.swift in Sources */ = {isa = PBXBuildFile; fileRef = CA1683EF2B9D305D0086153A /* ChoreListViewModel.swift */; };
		CA1683F22B9E70D50086153A /* LogInViewModel.swift in Sources */ = {isa = PBXBuildFile; fileRef = CA1683F12B9E70D50086153A /* LogInViewModel.swift */; };
		CA1683F42B9E73330086153A /* SignUpViewModel.swift in Sources */ = {isa = PBXBuildFile; fileRef = CA1683F32B9E73330086153A /* SignUpViewModel.swift */; };
		CA1683F62B9E74D60086153A /* RootViewModel.swift in Sources */ = {isa = PBXBuildFile; fileRef = CA1683F52B9E74D60086153A /* RootViewModel.swift */; };
		CA1683F82B9E80910086153A /* ProfileViewModel.swift in Sources */ = {isa = PBXBuildFile; fileRef = CA1683F72B9E80910086153A /* ProfileViewModel.swift */; };
		CA20AFDB2B9FD95000BE9C18 /* UIViewControllerExtension.swift in Sources */ = {isa = PBXBuildFile; fileRef = CA20AFDA2B9FD95000BE9C18 /* UIViewControllerExtension.swift */; };
		CA20AFDD2B9FECE300BE9C18 /* PDSViewController.swift in Sources */ = {isa = PBXBuildFile; fileRef = CA20AFDC2B9FECE300BE9C18 /* PDSViewController.swift */; };
		CA20AFDF2BA000AF00BE9C18 /* UIViewExtension.swift in Sources */ = {isa = PBXBuildFile; fileRef = CA20AFDE2BA000AF00BE9C18 /* UIViewExtension.swift */; };
		CA20AFE12BA0A99700BE9C18 /* PDSCurrencyTextField.swift in Sources */ = {isa = PBXBuildFile; fileRef = CA20AFE02BA0A99700BE9C18 /* PDSCurrencyTextField.swift */; };
		CA48864B2B9EB3E1003F22C8 /* AddChoreViewModel.swift in Sources */ = {isa = PBXBuildFile; fileRef = CA4886492B9EB3E1003F22C8 /* AddChoreViewModel.swift */; };
		CA48864C2B9EB3E1003F22C8 /* AddChoreVC.swift in Sources */ = {isa = PBXBuildFile; fileRef = CA48864A2B9EB3E1003F22C8 /* AddChoreVC.swift */; };
		CA4886522B9EB572003F22C8 /* ___VARIABLE_viewName-identifier___ViewModel.txt in Resources */ = {isa = PBXBuildFile; fileRef = CA4886512B9EB572003F22C8 /* ___VARIABLE_viewName-identifier___ViewModel.txt */; };
		CA4886542B9EB5A9003F22C8 /* readme.txt in Resources */ = {isa = PBXBuildFile; fileRef = CA4886532B9EB5A9003F22C8 /* readme.txt */; };
		CA4886562B9EB5F5003F22C8 /* TemplateInfo.txt in Resources */ = {isa = PBXBuildFile; fileRef = CA4886552B9EB5F5003F22C8 /* TemplateInfo.txt */; };
		CA4886582B9EBC0A003F22C8 /* PDSModalVC.swift in Sources */ = {isa = PBXBuildFile; fileRef = CA4886572B9EBC0A003F22C8 /* PDSModalVC.swift */; };
		CA7C69B72B8456D0005B3CF2 /* AuthService.swift in Sources */ = {isa = PBXBuildFile; fileRef = CA7C69B62B8456D0005B3CF2 /* AuthService.swift */; };
		CA7C69B92B846236005B3CF2 /* SignUpVC.swift in Sources */ = {isa = PBXBuildFile; fileRef = CA7C69B82B846236005B3CF2 /* SignUpVC.swift */; };
		CA7C69BB2B846843005B3CF2 /* LogInVC.swift in Sources */ = {isa = PBXBuildFile; fileRef = CA7C69BA2B846843005B3CF2 /* LogInVC.swift */; };
		CA7C69BD2B8C2F95005B3CF2 /* HomeVC.swift in Sources */ = {isa = PBXBuildFile; fileRef = CA7C69BC2B8C2F95005B3CF2 /* HomeVC.swift */; };
		CA7C69BF2B8C2FCD005B3CF2 /* ChoreListVC.swift in Sources */ = {isa = PBXBuildFile; fileRef = CA7C69BE2B8C2FCD005B3CF2 /* ChoreListVC.swift */; };
		CA7C69C12B8C2FDD005B3CF2 /* ProfileVC.swift in Sources */ = {isa = PBXBuildFile; fileRef = CA7C69C02B8C2FDD005B3CF2 /* ProfileVC.swift */; };
		CA7C69C42B8C374F005B3CF2 /* UIViewControllerPreviewWrapper.swift in Sources */ = {isa = PBXBuildFile; fileRef = CA7C69C32B8C374F005B3CF2 /* UIViewControllerPreviewWrapper.swift */; };
		CA7C69C72B8C3E96005B3CF2 /* PDSPrimaryButton.swift in Sources */ = {isa = PBXBuildFile; fileRef = CA7C69C62B8C3E96005B3CF2 /* PDSPrimaryButton.swift */; };
		CA7C69C92B8C4274005B3CF2 /* UIViewPreviewWrapper.swift in Sources */ = {isa = PBXBuildFile; fileRef = CA7C69C82B8C4274005B3CF2 /* UIViewPreviewWrapper.swift */; };
		CA7C69CB2B8C49E0005B3CF2 /* PDSTextField.swift in Sources */ = {isa = PBXBuildFile; fileRef = CA7C69CA2B8C49E0005B3CF2 /* PDSTextField.swift */; };
		CA7E33002B8C580300CA7B20 /* PDSSecondaryButton.swift in Sources */ = {isa = PBXBuildFile; fileRef = CA7E32FF2B8C580300CA7B20 /* PDSSecondaryButton.swift */; };
		CA7E33022B8C651F00CA7B20 /* PDSAlertVC.swift in Sources */ = {isa = PBXBuildFile; fileRef = CA7E33012B8C651F00CA7B20 /* PDSAlertVC.swift */; };
		CA7E33052B8CEFA200CA7B20 /* ThemeManager.swift in Sources */ = {isa = PBXBuildFile; fileRef = CA7E33042B8CEFA200CA7B20 /* ThemeManager.swift */; };
		CA7E33072B8D008D00CA7B20 /* UIColorExtension.swift in Sources */ = {isa = PBXBuildFile; fileRef = CA7E33062B8D008D00CA7B20 /* UIColorExtension.swift */; };
		CAEAEB742B840DE40056A0F1 /* AppDelegate.swift in Sources */ = {isa = PBXBuildFile; fileRef = CAEAEB732B840DE40056A0F1 /* AppDelegate.swift */; };
		CAEAEB762B840DE40056A0F1 /* SceneDelegate.swift in Sources */ = {isa = PBXBuildFile; fileRef = CAEAEB752B840DE40056A0F1 /* SceneDelegate.swift */; };
		CAEAEB782B840DE40056A0F1 /* RootVC.swift in Sources */ = {isa = PBXBuildFile; fileRef = CAEAEB772B840DE40056A0F1 /* RootVC.swift */; };
		CAEAEB7D2B840DE50056A0F1 /* Assets.xcassets in Resources */ = {isa = PBXBuildFile; fileRef = CAEAEB7C2B840DE50056A0F1 /* Assets.xcassets */; };
		CAEAEB802B840DE50056A0F1 /* LaunchScreen.storyboard in Resources */ = {isa = PBXBuildFile; fileRef = CAEAEB7E2B840DE50056A0F1 /* LaunchScreen.storyboard */; };
		CAEAEB882B840E300056A0F1 /* GoogleService-Info.plist in Resources */ = {isa = PBXBuildFile; fileRef = CAEAEB872B840E300056A0F1 /* GoogleService-Info.plist */; };
		EEE58493DD2CE576B976F47B /* Pods_RebootChoreReward.framework in Frameworks */ = {isa = PBXBuildFile; fileRef = 653DCAE0CCD78196B8180039 /* Pods_RebootChoreReward.framework */; };
/* End PBXBuildFile section */

/* Begin PBXFileReference section */
		3B8DE3E2AEA24973E25CAD46 /* Pods-RebootChoreReward.release.xcconfig */ = {isa = PBXFileReference; includeInIndex = 1; lastKnownFileType = text.xcconfig; name = "Pods-RebootChoreReward.release.xcconfig"; path = "Target Support Files/Pods-RebootChoreReward/Pods-RebootChoreReward.release.xcconfig"; sourceTree = "<group>"; };
		653DCAE0CCD78196B8180039 /* Pods_RebootChoreReward.framework */ = {isa = PBXFileReference; explicitFileType = wrapper.framework; includeInIndex = 0; path = Pods_RebootChoreReward.framework; sourceTree = BUILT_PRODUCTS_DIR; };
		C8A7CBD567735F46BF1E65D0 /* Pods-RebootChoreReward.debug.xcconfig */ = {isa = PBXFileReference; includeInIndex = 1; lastKnownFileType = text.xcconfig; name = "Pods-RebootChoreReward.debug.xcconfig"; path = "Target Support Files/Pods-RebootChoreReward/Pods-RebootChoreReward.debug.xcconfig"; sourceTree = "<group>"; };
		CA1683DD2B8D15A00086153A /* Fredoka-VariableFont_wdth,wght.ttf */ = {isa = PBXFileReference; lastKnownFileType = file; path = "Fredoka-VariableFont_wdth,wght.ttf"; sourceTree = "<group>"; };
		CA1683DF2B8D24940086153A /* Typography.swift */ = {isa = PBXFileReference; lastKnownFileType = sourcecode.swift; path = Typography.swift; sourceTree = "<group>"; };
		CA1683E12B8D2ED70086153A /* PDSLabel.swift */ = {isa = PBXFileReference; lastKnownFileType = sourcecode.swift; path = PDSLabel.swift; sourceTree = "<group>"; };
		CA1683E32B8D419A0086153A /* ChoreFirestoreService.swift */ = {isa = PBXFileReference; lastKnownFileType = sourcecode.swift; path = ChoreFirestoreService.swift; sourceTree = "<group>"; };
		CA1683E62B8D425A0086153A /* Chore.swift */ = {isa = PBXFileReference; lastKnownFileType = sourcecode.swift; path = Chore.swift; sourceTree = "<group>"; };
		CA1683E82B8D45A70086153A /* UserFirestoreService.swift */ = {isa = PBXFileReference; lastKnownFileType = sourcecode.swift; path = UserFirestoreService.swift; sourceTree = "<group>"; };
		CA1683EA2B8D45D80086153A /* User.swift */ = {isa = PBXFileReference; lastKnownFileType = sourcecode.swift; path = User.swift; sourceTree = "<group>"; };
		CA1683EC2B8D9B980086153A /* LogUtil.swift */ = {isa = PBXFileReference; lastKnownFileType = sourcecode.swift; path = LogUtil.swift; sourceTree = "<group>"; };
		CA1683EF2B9D305D0086153A /* ChoreListViewModel.swift */ = {isa = PBXFileReference; lastKnownFileType = sourcecode.swift; path = ChoreListViewModel.swift; sourceTree = "<group>"; };
		CA1683F12B9E70D50086153A /* LogInViewModel.swift */ = {isa = PBXFileReference; lastKnownFileType = sourcecode.swift; path = LogInViewModel.swift; sourceTree = "<group>"; };
		CA1683F32B9E73330086153A /* SignUpViewModel.swift */ = {isa = PBXFileReference; lastKnownFileType = sourcecode.swift; path = SignUpViewModel.swift; sourceTree = "<group>"; };
		CA1683F52B9E74D60086153A /* RootViewModel.swift */ = {isa = PBXFileReference; lastKnownFileType = sourcecode.swift; path = RootViewModel.swift; sourceTree = "<group>"; };
		CA1683F72B9E80910086153A /* ProfileViewModel.swift */ = {isa = PBXFileReference; lastKnownFileType = sourcecode.swift; path = ProfileViewModel.swift; sourceTree = "<group>"; };
		CA20AFDA2B9FD95000BE9C18 /* UIViewControllerExtension.swift */ = {isa = PBXFileReference; lastKnownFileType = sourcecode.swift; path = UIViewControllerExtension.swift; sourceTree = "<group>"; };
		CA20AFDC2B9FECE300BE9C18 /* PDSViewController.swift */ = {isa = PBXFileReference; lastKnownFileType = sourcecode.swift; path = PDSViewController.swift; sourceTree = "<group>"; };
		CA20AFDE2BA000AF00BE9C18 /* UIViewExtension.swift */ = {isa = PBXFileReference; lastKnownFileType = sourcecode.swift; path = UIViewExtension.swift; sourceTree = "<group>"; };
		CA20AFE02BA0A99700BE9C18 /* PDSCurrencyTextField.swift */ = {isa = PBXFileReference; lastKnownFileType = sourcecode.swift; path = PDSCurrencyTextField.swift; sourceTree = "<group>"; };
		CA4886492B9EB3E1003F22C8 /* AddChoreViewModel.swift */ = {isa = PBXFileReference; lastKnownFileType = sourcecode.swift; path = AddChoreViewModel.swift; sourceTree = "<group>"; };
		CA48864A2B9EB3E1003F22C8 /* AddChoreVC.swift */ = {isa = PBXFileReference; lastKnownFileType = sourcecode.swift; path = AddChoreVC.swift; sourceTree = "<group>"; };
		CA48864F2B9EB4A3003F22C8 /* ___VARIABLE_productName-identifier___VC.txt */ = {isa = PBXFileReference; explicitFileType = text; path = "___VARIABLE_productName-identifier___VC.txt"; sourceTree = "<group>"; };
		CA4886512B9EB572003F22C8 /* ___VARIABLE_viewName-identifier___ViewModel.txt */ = {isa = PBXFileReference; lastKnownFileType = text; path = "___VARIABLE_viewName-identifier___ViewModel.txt"; sourceTree = "<group>"; };
		CA4886532B9EB5A9003F22C8 /* readme.txt */ = {isa = PBXFileReference; lastKnownFileType = text; path = readme.txt; sourceTree = "<group>"; };
		CA4886552B9EB5F5003F22C8 /* TemplateInfo.txt */ = {isa = PBXFileReference; lastKnownFileType = text; path = TemplateInfo.txt; sourceTree = "<group>"; };
		CA4886572B9EBC0A003F22C8 /* PDSModalVC.swift */ = {isa = PBXFileReference; lastKnownFileType = sourcecode.swift; path = PDSModalVC.swift; sourceTree = "<group>"; };
		CA7C69B62B8456D0005B3CF2 /* AuthService.swift */ = {isa = PBXFileReference; lastKnownFileType = sourcecode.swift; path = AuthService.swift; sourceTree = "<group>"; };
		CA7C69B82B846236005B3CF2 /* SignUpVC.swift */ = {isa = PBXFileReference; lastKnownFileType = sourcecode.swift; path = SignUpVC.swift; sourceTree = "<group>"; };
		CA7C69BA2B846843005B3CF2 /* LogInVC.swift */ = {isa = PBXFileReference; lastKnownFileType = sourcecode.swift; path = LogInVC.swift; sourceTree = "<group>"; };
		CA7C69BC2B8C2F95005B3CF2 /* HomeVC.swift */ = {isa = PBXFileReference; lastKnownFileType = sourcecode.swift; path = HomeVC.swift; sourceTree = "<group>"; };
		CA7C69BE2B8C2FCD005B3CF2 /* ChoreListVC.swift */ = {isa = PBXFileReference; lastKnownFileType = sourcecode.swift; path = ChoreListVC.swift; sourceTree = "<group>"; };
		CA7C69C02B8C2FDD005B3CF2 /* ProfileVC.swift */ = {isa = PBXFileReference; lastKnownFileType = sourcecode.swift; path = ProfileVC.swift; sourceTree = "<group>"; };
		CA7C69C32B8C374F005B3CF2 /* UIViewControllerPreviewWrapper.swift */ = {isa = PBXFileReference; lastKnownFileType = sourcecode.swift; path = UIViewControllerPreviewWrapper.swift; sourceTree = "<group>"; };
		CA7C69C62B8C3E96005B3CF2 /* PDSPrimaryButton.swift */ = {isa = PBXFileReference; lastKnownFileType = sourcecode.swift; path = PDSPrimaryButton.swift; sourceTree = "<group>"; };
		CA7C69C82B8C4274005B3CF2 /* UIViewPreviewWrapper.swift */ = {isa = PBXFileReference; lastKnownFileType = sourcecode.swift; path = UIViewPreviewWrapper.swift; sourceTree = "<group>"; };
		CA7C69CA2B8C49E0005B3CF2 /* PDSTextField.swift */ = {isa = PBXFileReference; lastKnownFileType = sourcecode.swift; path = PDSTextField.swift; sourceTree = "<group>"; };
		CA7E32FF2B8C580300CA7B20 /* PDSSecondaryButton.swift */ = {isa = PBXFileReference; lastKnownFileType = sourcecode.swift; path = PDSSecondaryButton.swift; sourceTree = "<group>"; };
		CA7E33012B8C651F00CA7B20 /* PDSAlertVC.swift */ = {isa = PBXFileReference; lastKnownFileType = sourcecode.swift; path = PDSAlertVC.swift; sourceTree = "<group>"; };
		CA7E33042B8CEFA200CA7B20 /* ThemeManager.swift */ = {isa = PBXFileReference; lastKnownFileType = sourcecode.swift; path = ThemeManager.swift; sourceTree = "<group>"; };
		CA7E33062B8D008D00CA7B20 /* UIColorExtension.swift */ = {isa = PBXFileReference; lastKnownFileType = sourcecode.swift; path = UIColorExtension.swift; sourceTree = "<group>"; };
		CAEAEB702B840DE40056A0F1 /* RebootChoreReward.app */ = {isa = PBXFileReference; explicitFileType = wrapper.application; includeInIndex = 0; path = RebootChoreReward.app; sourceTree = BUILT_PRODUCTS_DIR; };
		CAEAEB732B840DE40056A0F1 /* AppDelegate.swift */ = {isa = PBXFileReference; lastKnownFileType = sourcecode.swift; path = AppDelegate.swift; sourceTree = "<group>"; };
		CAEAEB752B840DE40056A0F1 /* SceneDelegate.swift */ = {isa = PBXFileReference; lastKnownFileType = sourcecode.swift; path = SceneDelegate.swift; sourceTree = "<group>"; };
		CAEAEB772B840DE40056A0F1 /* RootVC.swift */ = {isa = PBXFileReference; lastKnownFileType = sourcecode.swift; path = RootVC.swift; sourceTree = "<group>"; };
		CAEAEB7C2B840DE50056A0F1 /* Assets.xcassets */ = {isa = PBXFileReference; lastKnownFileType = folder.assetcatalog; path = Assets.xcassets; sourceTree = "<group>"; };
		CAEAEB7F2B840DE50056A0F1 /* Base */ = {isa = PBXFileReference; lastKnownFileType = file.storyboard; name = Base; path = Base.lproj/LaunchScreen.storyboard; sourceTree = "<group>"; };
		CAEAEB812B840DE50056A0F1 /* Info.plist */ = {isa = PBXFileReference; lastKnownFileType = text.plist.xml; path = Info.plist; sourceTree = "<group>"; };
		CAEAEB872B840E300056A0F1 /* GoogleService-Info.plist */ = {isa = PBXFileReference; fileEncoding = 4; lastKnownFileType = text.plist.xml; path = "GoogleService-Info.plist"; sourceTree = "<group>"; };
/* End PBXFileReference section */

/* Begin PBXFrameworksBuildPhase section */
		CAEAEB6D2B840DE40056A0F1 /* Frameworks */ = {
			isa = PBXFrameworksBuildPhase;
			buildActionMask = 2147483647;
			files = (
				EEE58493DD2CE576B976F47B /* Pods_RebootChoreReward.framework in Frameworks */,
			);
			runOnlyForDeploymentPostprocessing = 0;
		};
/* End PBXFrameworksBuildPhase section */

/* Begin PBXGroup section */
		47344531631F00E0017BD9B3 /* Pods */ = {
			isa = PBXGroup;
			children = (
				C8A7CBD567735F46BF1E65D0 /* Pods-RebootChoreReward.debug.xcconfig */,
				3B8DE3E2AEA24973E25CAD46 /* Pods-RebootChoreReward.release.xcconfig */,
			);
			path = Pods;
			sourceTree = "<group>";
		};
		4BF7A256E7C44F37666937D8 /* Frameworks */ = {
			isa = PBXGroup;
			children = (
				653DCAE0CCD78196B8180039 /* Pods_RebootChoreReward.framework */,
			);
			name = Frameworks;
			sourceTree = "<group>";
		};
		CA1683DC2B8D15740086153A /* Typography */ = {
			isa = PBXGroup;
			children = (
				CA1683DD2B8D15A00086153A /* Fredoka-VariableFont_wdth,wght.ttf */,
				CA1683DF2B8D24940086153A /* Typography.swift */,
			);
			path = Typography;
			sourceTree = "<group>";
		};
		CA1683E52B8D42500086153A /* Model */ = {
			isa = PBXGroup;
			children = (
				CA1683E62B8D425A0086153A /* Chore.swift */,
				CA1683EA2B8D45D80086153A /* User.swift */,
			);
			path = Model;
			sourceTree = "<group>";
		};
		CA1683EE2B9D301A0086153A /* ViewModel */ = {
			isa = PBXGroup;
			children = (
				CA4886492B9EB3E1003F22C8 /* AddChoreViewModel.swift */,
				CA1683EF2B9D305D0086153A /* ChoreListViewModel.swift */,
				CA1683F12B9E70D50086153A /* LogInViewModel.swift */,
				CA1683F32B9E73330086153A /* SignUpViewModel.swift */,
				CA1683F52B9E74D60086153A /* RootViewModel.swift */,
				CA1683F72B9E80910086153A /* ProfileViewModel.swift */,
			);
			path = ViewModel;
			sourceTree = "<group>";
		};
		CA48864E2B9EB483003F22C8 /* Xcode Template */ = {
			isa = PBXGroup;
			children = (
				CA48864F2B9EB4A3003F22C8 /* ___VARIABLE_productName-identifier___VC.txt */,
				CA4886512B9EB572003F22C8 /* ___VARIABLE_viewName-identifier___ViewModel.txt */,
				CA4886532B9EB5A9003F22C8 /* readme.txt */,
				CA4886552B9EB5F5003F22C8 /* TemplateInfo.txt */,
			);
			path = "Xcode Template";
			sourceTree = "<group>";
		};
		CA7C69B42B8456A5005B3CF2 /* View */ = {
			isa = PBXGroup;
			children = (
				CA7E33032B8CEF8200CA7B20 /* Theme */,
				CA7C69C52B8C3E4D005B3CF2 /* Component */,
				CAEAEB772B840DE40056A0F1 /* RootVC.swift */,
				CA7C69B82B846236005B3CF2 /* SignUpVC.swift */,
				CA7C69BA2B846843005B3CF2 /* LogInVC.swift */,
				CA7C69BC2B8C2F95005B3CF2 /* HomeVC.swift */,
				CA7C69BE2B8C2FCD005B3CF2 /* ChoreListVC.swift */,
				CA7C69C02B8C2FDD005B3CF2 /* ProfileVC.swift */,
				CA48864A2B9EB3E1003F22C8 /* AddChoreVC.swift */,
			);
			path = View;
			sourceTree = "<group>";
		};
		CA7C69B52B8456B9005B3CF2 /* Service */ = {
			isa = PBXGroup;
			children = (
				CA7C69B62B8456D0005B3CF2 /* AuthService.swift */,
				CA1683E32B8D419A0086153A /* ChoreFirestoreService.swift */,
				CA1683E82B8D45A70086153A /* UserFirestoreService.swift */,
			);
			path = Service;
			sourceTree = "<group>";
		};
		CA7C69C22B8C3734005B3CF2 /* Util */ = {
			isa = PBXGroup;
			children = (
				CA7C69C32B8C374F005B3CF2 /* UIViewControllerPreviewWrapper.swift */,
				CA7C69C82B8C4274005B3CF2 /* UIViewPreviewWrapper.swift */,
				CA7E33062B8D008D00CA7B20 /* UIColorExtension.swift */,
				CA1683EC2B8D9B980086153A /* LogUtil.swift */,
				CA20AFDA2B9FD95000BE9C18 /* UIViewControllerExtension.swift */,
				CA20AFDE2BA000AF00BE9C18 /* UIViewExtension.swift */,
			);
			path = Util;
			sourceTree = "<group>";
		};
		CA7C69C52B8C3E4D005B3CF2 /* Component */ = {
			isa = PBXGroup;
			children = (
				CA7C69C62B8C3E96005B3CF2 /* PDSPrimaryButton.swift */,
				CA7C69CA2B8C49E0005B3CF2 /* PDSTextField.swift */,
				CA7E32FF2B8C580300CA7B20 /* PDSSecondaryButton.swift */,
				CA7E33012B8C651F00CA7B20 /* PDSAlertVC.swift */,
				CA1683E12B8D2ED70086153A /* PDSLabel.swift */,
				CA4886572B9EBC0A003F22C8 /* PDSModalVC.swift */,
				CA20AFDC2B9FECE300BE9C18 /* PDSViewController.swift */,
				CA20AFE02BA0A99700BE9C18 /* PDSCurrencyTextField.swift */,
			);
			path = Component;
			sourceTree = "<group>";
		};
		CA7E33032B8CEF8200CA7B20 /* Theme */ = {
			isa = PBXGroup;
			children = (
				CA1683DC2B8D15740086153A /* Typography */,
				CA7E33042B8CEFA200CA7B20 /* ThemeManager.swift */,
			);
			path = Theme;
			sourceTree = "<group>";
		};
		CAEAEB672B840DE40056A0F1 = {
			isa = PBXGroup;
			children = (
				CAEAEB722B840DE40056A0F1 /* RebootChoreReward */,
				CAEAEB712B840DE40056A0F1 /* Products */,
				47344531631F00E0017BD9B3 /* Pods */,
				4BF7A256E7C44F37666937D8 /* Frameworks */,
			);
			sourceTree = "<group>";
		};
		CAEAEB712B840DE40056A0F1 /* Products */ = {
			isa = PBXGroup;
			children = (
				CAEAEB702B840DE40056A0F1 /* RebootChoreReward.app */,
			);
			name = Products;
			sourceTree = "<group>";
		};
		CAEAEB722B840DE40056A0F1 /* RebootChoreReward */ = {
			isa = PBXGroup;
			children = (
				CA7C69C22B8C3734005B3CF2 /* Util */,
				CA7C69B52B8456B9005B3CF2 /* Service */,
				CA1683E52B8D42500086153A /* Model */,
				CA48864E2B9EB483003F22C8 /* Xcode Template */,
				CA1683EE2B9D301A0086153A /* ViewModel */,
				CA7C69B42B8456A5005B3CF2 /* View */,
				CAEAEB732B840DE40056A0F1 /* AppDelegate.swift */,
				CAEAEB752B840DE40056A0F1 /* SceneDelegate.swift */,
				CAEAEB7C2B840DE50056A0F1 /* Assets.xcassets */,
				CAEAEB7E2B840DE50056A0F1 /* LaunchScreen.storyboard */,
				CAEAEB812B840DE50056A0F1 /* Info.plist */,
				CAEAEB872B840E300056A0F1 /* GoogleService-Info.plist */,
			);
			path = RebootChoreReward;
			sourceTree = "<group>";
		};
/* End PBXGroup section */

/* Begin PBXNativeTarget section */
		CAEAEB6F2B840DE40056A0F1 /* RebootChoreReward */ = {
			isa = PBXNativeTarget;
			buildConfigurationList = CAEAEB842B840DE50056A0F1 /* Build configuration list for PBXNativeTarget "RebootChoreReward" */;
			buildPhases = (
				1AFF165B6447B505210F8FE6 /* [CP] Check Pods Manifest.lock */,
				CAEAEB6C2B840DE40056A0F1 /* Sources */,
				CAEAEB6D2B840DE40056A0F1 /* Frameworks */,
				CAEAEB6E2B840DE40056A0F1 /* Resources */,
				F8E53644B55CB45B0B057546 /* [CP] Embed Pods Frameworks */,
			);
			buildRules = (
			);
			dependencies = (
			);
			name = RebootChoreReward;
			productName = RebootChoreReward;
			productReference = CAEAEB702B840DE40056A0F1 /* RebootChoreReward.app */;
			productType = "com.apple.product-type.application";
		};
/* End PBXNativeTarget section */

/* Begin PBXProject section */
		CAEAEB682B840DE40056A0F1 /* Project object */ = {
			isa = PBXProject;
			attributes = {
				BuildIndependentTargetsInParallel = 1;
				LastSwiftUpdateCheck = 1520;
				LastUpgradeCheck = 1520;
				TargetAttributes = {
					CAEAEB6F2B840DE40056A0F1 = {
						CreatedOnToolsVersion = 15.2;
					};
				};
			};
			buildConfigurationList = CAEAEB6B2B840DE40056A0F1 /* Build configuration list for PBXProject "RebootChoreReward" */;
			compatibilityVersion = "Xcode 14.0";
			developmentRegion = en;
			hasScannedForEncodings = 0;
			knownRegions = (
				en,
				Base,
			);
			mainGroup = CAEAEB672B840DE40056A0F1;
			productRefGroup = CAEAEB712B840DE40056A0F1 /* Products */;
			projectDirPath = "";
			projectRoot = "";
			targets = (
				CAEAEB6F2B840DE40056A0F1 /* RebootChoreReward */,
			);
		};
/* End PBXProject section */

/* Begin PBXResourcesBuildPhase section */
		CAEAEB6E2B840DE40056A0F1 /* Resources */ = {
			isa = PBXResourcesBuildPhase;
			buildActionMask = 2147483647;
			files = (
				CA4886542B9EB5A9003F22C8 /* readme.txt in Resources */,
				CA1683DE2B8D15A00086153A /* Fredoka-VariableFont_wdth,wght.ttf in Resources */,
				CAEAEB802B840DE50056A0F1 /* LaunchScreen.storyboard in Resources */,
				CAEAEB882B840E300056A0F1 /* GoogleService-Info.plist in Resources */,
				CA4886522B9EB572003F22C8 /* ___VARIABLE_viewName-identifier___ViewModel.txt in Resources */,
				CA4886562B9EB5F5003F22C8 /* TemplateInfo.txt in Resources */,
				CAEAEB7D2B840DE50056A0F1 /* Assets.xcassets in Resources */,
			);
			runOnlyForDeploymentPostprocessing = 0;
		};
/* End PBXResourcesBuildPhase section */

/* Begin PBXShellScriptBuildPhase section */
		1AFF165B6447B505210F8FE6 /* [CP] Check Pods Manifest.lock */ = {
			isa = PBXShellScriptBuildPhase;
			buildActionMask = 2147483647;
			files = (
			);
			inputFileListPaths = (
			);
			inputPaths = (
				"${PODS_PODFILE_DIR_PATH}/Podfile.lock",
				"${PODS_ROOT}/Manifest.lock",
			);
			name = "[CP] Check Pods Manifest.lock";
			outputFileListPaths = (
			);
			outputPaths = (
				"$(DERIVED_FILE_DIR)/Pods-RebootChoreReward-checkManifestLockResult.txt",
			);
			runOnlyForDeploymentPostprocessing = 0;
			shellPath = /bin/sh;
			shellScript = "diff \"${PODS_PODFILE_DIR_PATH}/Podfile.lock\" \"${PODS_ROOT}/Manifest.lock\" > /dev/null\nif [ $? != 0 ] ; then\n    # print error to STDERR\n    echo \"error: The sandbox is not in sync with the Podfile.lock. Run 'pod install' or update your CocoaPods installation.\" >&2\n    exit 1\nfi\n# This output is used by Xcode 'outputs' to avoid re-running this script phase.\necho \"SUCCESS\" > \"${SCRIPT_OUTPUT_FILE_0}\"\n";
			showEnvVarsInLog = 0;
		};
		F8E53644B55CB45B0B057546 /* [CP] Embed Pods Frameworks */ = {
			isa = PBXShellScriptBuildPhase;
			buildActionMask = 2147483647;
			files = (
			);
			inputFileListPaths = (
				"${PODS_ROOT}/Target Support Files/Pods-RebootChoreReward/Pods-RebootChoreReward-frameworks-${CONFIGURATION}-input-files.xcfilelist",
			);
			name = "[CP] Embed Pods Frameworks";
			outputFileListPaths = (
				"${PODS_ROOT}/Target Support Files/Pods-RebootChoreReward/Pods-RebootChoreReward-frameworks-${CONFIGURATION}-output-files.xcfilelist",
			);
			runOnlyForDeploymentPostprocessing = 0;
			shellPath = /bin/sh;
			shellScript = "\"${PODS_ROOT}/Target Support Files/Pods-RebootChoreReward/Pods-RebootChoreReward-frameworks.sh\"\n";
			showEnvVarsInLog = 0;
		};
/* End PBXShellScriptBuildPhase section */

/* Begin PBXSourcesBuildPhase section */
		CAEAEB6C2B840DE40056A0F1 /* Sources */ = {
			isa = PBXSourcesBuildPhase;
			buildActionMask = 2147483647;
			files = (
				CA20AFE12BA0A99700BE9C18 /* PDSCurrencyTextField.swift in Sources */,
				CA7E33072B8D008D00CA7B20 /* UIColorExtension.swift in Sources */,
				CAEAEB782B840DE40056A0F1 /* RootVC.swift in Sources */,
				CA1683F82B9E80910086153A /* ProfileViewModel.swift in Sources */,
				CA7C69C72B8C3E96005B3CF2 /* PDSPrimaryButton.swift in Sources */,
				CA1683E42B8D419A0086153A /* ChoreFirestoreService.swift in Sources */,
				CA1683E22B8D2ED70086153A /* PDSLabel.swift in Sources */,
				CAEAEB742B840DE40056A0F1 /* AppDelegate.swift in Sources */,
				CA7E33022B8C651F00CA7B20 /* PDSAlertVC.swift in Sources */,
				CA7C69CB2B8C49E0005B3CF2 /* PDSTextField.swift in Sources */,
				CA7C69BF2B8C2FCD005B3CF2 /* ChoreListVC.swift in Sources */,
				CA7C69C42B8C374F005B3CF2 /* UIViewControllerPreviewWrapper.swift in Sources */,
				CA7E33002B8C580300CA7B20 /* PDSSecondaryButton.swift in Sources */,
				CA7C69C12B8C2FDD005B3CF2 /* ProfileVC.swift in Sources */,
				CA1683E92B8D45A70086153A /* UserFirestoreService.swift in Sources */,
				CA1683F42B9E73330086153A /* SignUpViewModel.swift in Sources */,
				CA7C69BB2B846843005B3CF2 /* LogInVC.swift in Sources */,
				CAEAEB762B840DE40056A0F1 /* SceneDelegate.swift in Sources */,
				CA7E33052B8CEFA200CA7B20 /* ThemeManager.swift in Sources */,
				CA48864C2B9EB3E1003F22C8 /* AddChoreVC.swift in Sources */,
				CA1683ED2B8D9B980086153A /* LogUtil.swift in Sources */,
				CA20AFDB2B9FD95000BE9C18 /* UIViewControllerExtension.swift in Sources */,
				CA7C69B92B846236005B3CF2 /* SignUpVC.swift in Sources */,
				CA7C69C92B8C4274005B3CF2 /* UIViewPreviewWrapper.swift in Sources */,
				CA7C69BD2B8C2F95005B3CF2 /* HomeVC.swift in Sources */,
				CA1683E72B8D425A0086153A /* Chore.swift in Sources */,
				CA20AFDF2BA000AF00BE9C18 /* UIViewExtension.swift in Sources */,
				CA4886582B9EBC0A003F22C8 /* PDSModalVC.swift in Sources */,
				CA1683F62B9E74D60086153A /* RootViewModel.swift in Sources */,
				CA48864B2B9EB3E1003F22C8 /* AddChoreViewModel.swift in Sources */,
				CA20AFDD2B9FECE300BE9C18 /* PDSViewController.swift in Sources */,
				CA1683E02B8D24940086153A /* Typography.swift in Sources */,
				CA7C69B72B8456D0005B3CF2 /* AuthService.swift in Sources */,
				CA1683F02B9D305D0086153A /* ChoreListViewModel.swift in Sources */,
				CA1683F22B9E70D50086153A /* LogInViewModel.swift in Sources */,
				CA1683EB2B8D45D80086153A /* User.swift in Sources */,
			);
			runOnlyForDeploymentPostprocessing = 0;
		};
/* End PBXSourcesBuildPhase section */

/* Begin PBXVariantGroup section */
		CAEAEB7E2B840DE50056A0F1 /* LaunchScreen.storyboard */ = {
			isa = PBXVariantGroup;
			children = (
				CAEAEB7F2B840DE50056A0F1 /* Base */,
			);
			name = LaunchScreen.storyboard;
			sourceTree = "<group>";
		};
/* End PBXVariantGroup section */

/* Begin XCBuildConfiguration section */
		CAEAEB822B840DE50056A0F1 /* Debug */ = {
			isa = XCBuildConfiguration;
			buildSettings = {
				ALWAYS_SEARCH_USER_PATHS = NO;
				ASSETCATALOG_COMPILER_GENERATE_SWIFT_ASSET_SYMBOL_EXTENSIONS = YES;
				CLANG_ANALYZER_NONNULL = YES;
				CLANG_ANALYZER_NUMBER_OBJECT_CONVERSION = YES_AGGRESSIVE;
				CLANG_CXX_LANGUAGE_STANDARD = "gnu++20";
				CLANG_ENABLE_MODULES = YES;
				CLANG_ENABLE_OBJC_ARC = YES;
				CLANG_ENABLE_OBJC_WEAK = YES;
				CLANG_WARN_BLOCK_CAPTURE_AUTORELEASING = YES;
				CLANG_WARN_BOOL_CONVERSION = YES;
				CLANG_WARN_COMMA = YES;
				CLANG_WARN_CONSTANT_CONVERSION = YES;
				CLANG_WARN_DEPRECATED_OBJC_IMPLEMENTATIONS = YES;
				CLANG_WARN_DIRECT_OBJC_ISA_USAGE = YES_ERROR;
				CLANG_WARN_DOCUMENTATION_COMMENTS = YES;
				CLANG_WARN_EMPTY_BODY = YES;
				CLANG_WARN_ENUM_CONVERSION = YES;
				CLANG_WARN_INFINITE_RECURSION = YES;
				CLANG_WARN_INT_CONVERSION = YES;
				CLANG_WARN_NON_LITERAL_NULL_CONVERSION = YES;
				CLANG_WARN_OBJC_IMPLICIT_RETAIN_SELF = YES;
				CLANG_WARN_OBJC_LITERAL_CONVERSION = YES;
				CLANG_WARN_OBJC_ROOT_CLASS = YES_ERROR;
				CLANG_WARN_QUOTED_INCLUDE_IN_FRAMEWORK_HEADER = YES;
				CLANG_WARN_RANGE_LOOP_ANALYSIS = YES;
				CLANG_WARN_STRICT_PROTOTYPES = YES;
				CLANG_WARN_SUSPICIOUS_MOVE = YES;
				CLANG_WARN_UNGUARDED_AVAILABILITY = YES_AGGRESSIVE;
				CLANG_WARN_UNREACHABLE_CODE = YES;
				CLANG_WARN__DUPLICATE_METHOD_MATCH = YES;
				COPY_PHASE_STRIP = NO;
				DEBUG_INFORMATION_FORMAT = dwarf;
				ENABLE_STRICT_OBJC_MSGSEND = YES;
				ENABLE_TESTABILITY = YES;
				ENABLE_USER_SCRIPT_SANDBOXING = YES;
				GCC_C_LANGUAGE_STANDARD = gnu17;
				GCC_DYNAMIC_NO_PIC = NO;
				GCC_NO_COMMON_BLOCKS = YES;
				GCC_OPTIMIZATION_LEVEL = 0;
				GCC_PREPROCESSOR_DEFINITIONS = (
					"DEBUG=1",
					"$(inherited)",
				);
				GCC_WARN_64_TO_32_BIT_CONVERSION = YES;
				GCC_WARN_ABOUT_RETURN_TYPE = YES_ERROR;
				GCC_WARN_UNDECLARED_SELECTOR = YES;
				GCC_WARN_UNINITIALIZED_AUTOS = YES_AGGRESSIVE;
				GCC_WARN_UNUSED_FUNCTION = YES;
				GCC_WARN_UNUSED_VARIABLE = YES;
				IPHONEOS_DEPLOYMENT_TARGET = 17.2;
				LOCALIZATION_PREFERS_STRING_CATALOGS = YES;
				MTL_ENABLE_DEBUG_INFO = INCLUDE_SOURCE;
				MTL_FAST_MATH = YES;
				ONLY_ACTIVE_ARCH = YES;
				SDKROOT = iphoneos;
				SWIFT_ACTIVE_COMPILATION_CONDITIONS = "DEBUG $(inherited)";
				SWIFT_OPTIMIZATION_LEVEL = "-Onone";
			};
			name = Debug;
		};
		CAEAEB832B840DE50056A0F1 /* Release */ = {
			isa = XCBuildConfiguration;
			buildSettings = {
				ALWAYS_SEARCH_USER_PATHS = NO;
				ASSETCATALOG_COMPILER_GENERATE_SWIFT_ASSET_SYMBOL_EXTENSIONS = YES;
				CLANG_ANALYZER_NONNULL = YES;
				CLANG_ANALYZER_NUMBER_OBJECT_CONVERSION = YES_AGGRESSIVE;
				CLANG_CXX_LANGUAGE_STANDARD = "gnu++20";
				CLANG_ENABLE_MODULES = YES;
				CLANG_ENABLE_OBJC_ARC = YES;
				CLANG_ENABLE_OBJC_WEAK = YES;
				CLANG_WARN_BLOCK_CAPTURE_AUTORELEASING = YES;
				CLANG_WARN_BOOL_CONVERSION = YES;
				CLANG_WARN_COMMA = YES;
				CLANG_WARN_CONSTANT_CONVERSION = YES;
				CLANG_WARN_DEPRECATED_OBJC_IMPLEMENTATIONS = YES;
				CLANG_WARN_DIRECT_OBJC_ISA_USAGE = YES_ERROR;
				CLANG_WARN_DOCUMENTATION_COMMENTS = YES;
				CLANG_WARN_EMPTY_BODY = YES;
				CLANG_WARN_ENUM_CONVERSION = YES;
				CLANG_WARN_INFINITE_RECURSION = YES;
				CLANG_WARN_INT_CONVERSION = YES;
				CLANG_WARN_NON_LITERAL_NULL_CONVERSION = YES;
				CLANG_WARN_OBJC_IMPLICIT_RETAIN_SELF = YES;
				CLANG_WARN_OBJC_LITERAL_CONVERSION = YES;
				CLANG_WARN_OBJC_ROOT_CLASS = YES_ERROR;
				CLANG_WARN_QUOTED_INCLUDE_IN_FRAMEWORK_HEADER = YES;
				CLANG_WARN_RANGE_LOOP_ANALYSIS = YES;
				CLANG_WARN_STRICT_PROTOTYPES = YES;
				CLANG_WARN_SUSPICIOUS_MOVE = YES;
				CLANG_WARN_UNGUARDED_AVAILABILITY = YES_AGGRESSIVE;
				CLANG_WARN_UNREACHABLE_CODE = YES;
				CLANG_WARN__DUPLICATE_METHOD_MATCH = YES;
				COPY_PHASE_STRIP = NO;
				DEBUG_INFORMATION_FORMAT = "dwarf-with-dsym";
				ENABLE_NS_ASSERTIONS = NO;
				ENABLE_STRICT_OBJC_MSGSEND = YES;
				ENABLE_USER_SCRIPT_SANDBOXING = YES;
				GCC_C_LANGUAGE_STANDARD = gnu17;
				GCC_NO_COMMON_BLOCKS = YES;
				GCC_WARN_64_TO_32_BIT_CONVERSION = YES;
				GCC_WARN_ABOUT_RETURN_TYPE = YES_ERROR;
				GCC_WARN_UNDECLARED_SELECTOR = YES;
				GCC_WARN_UNINITIALIZED_AUTOS = YES_AGGRESSIVE;
				GCC_WARN_UNUSED_FUNCTION = YES;
				GCC_WARN_UNUSED_VARIABLE = YES;
				IPHONEOS_DEPLOYMENT_TARGET = 17.2;
				LOCALIZATION_PREFERS_STRING_CATALOGS = YES;
				MTL_ENABLE_DEBUG_INFO = NO;
				MTL_FAST_MATH = YES;
				SDKROOT = iphoneos;
				SWIFT_COMPILATION_MODE = wholemodule;
				VALIDATE_PRODUCT = YES;
			};
			name = Release;
		};
		CAEAEB852B840DE50056A0F1 /* Debug */ = {
			isa = XCBuildConfiguration;
			baseConfigurationReference = C8A7CBD567735F46BF1E65D0 /* Pods-RebootChoreReward.debug.xcconfig */;
			buildSettings = {
				ASSETCATALOG_COMPILER_APPICON_NAME = AppIcon;
				ASSETCATALOG_COMPILER_GLOBAL_ACCENT_COLOR_NAME = AccentColor;
				CODE_SIGN_STYLE = Automatic;
				CURRENT_PROJECT_VERSION = 1;
				DEVELOPMENT_TEAM = ZRF6QZUXP5;
				ENABLE_USER_SCRIPT_SANDBOXING = NO;
				GENERATE_INFOPLIST_FILE = YES;
				INFOPLIST_FILE = RebootChoreReward/Info.plist;
				INFOPLIST_KEY_UIApplicationSupportsIndirectInputEvents = YES;
				INFOPLIST_KEY_UILaunchStoryboardName = LaunchScreen;
				INFOPLIST_KEY_UISupportedInterfaceOrientations_iPad = "UIInterfaceOrientationPortrait UIInterfaceOrientationPortraitUpsideDown UIInterfaceOrientationLandscapeLeft UIInterfaceOrientationLandscapeRight";
				INFOPLIST_KEY_UISupportedInterfaceOrientations_iPhone = "UIInterfaceOrientationPortrait UIInterfaceOrientationLandscapeLeft UIInterfaceOrientationLandscapeRight";
				LD_RUNPATH_SEARCH_PATHS = (
					"$(inherited)",
					"@executable_path/Frameworks",
				);
				MARKETING_VERSION = 1.0;
				PRODUCT_BUNDLE_IDENTIFIER = panto.RebootChoreReward;
				PRODUCT_NAME = "$(TARGET_NAME)";
				SWIFT_EMIT_LOC_STRINGS = YES;
				SWIFT_VERSION = 5.0;
				TARGETED_DEVICE_FAMILY = "1,2";
			};
			name = Debug;
		};
		CAEAEB862B840DE50056A0F1 /* Release */ = {
			isa = XCBuildConfiguration;
			baseConfigurationReference = 3B8DE3E2AEA24973E25CAD46 /* Pods-RebootChoreReward.release.xcconfig */;
			buildSettings = {
				ASSETCATALOG_COMPILER_APPICON_NAME = AppIcon;
				ASSETCATALOG_COMPILER_GLOBAL_ACCENT_COLOR_NAME = AccentColor;
				CODE_SIGN_STYLE = Automatic;
				CURRENT_PROJECT_VERSION = 1;
				DEVELOPMENT_TEAM = ZRF6QZUXP5;
				ENABLE_USER_SCRIPT_SANDBOXING = NO;
				GENERATE_INFOPLIST_FILE = YES;
				INFOPLIST_FILE = RebootChoreReward/Info.plist;
				INFOPLIST_KEY_UIApplicationSupportsIndirectInputEvents = YES;
				INFOPLIST_KEY_UILaunchStoryboardName = LaunchScreen;
				INFOPLIST_KEY_UISupportedInterfaceOrientations_iPad = "UIInterfaceOrientationPortrait UIInterfaceOrientationPortraitUpsideDown UIInterfaceOrientationLandscapeLeft UIInterfaceOrientationLandscapeRight";
				INFOPLIST_KEY_UISupportedInterfaceOrientations_iPhone = "UIInterfaceOrientationPortrait UIInterfaceOrientationLandscapeLeft UIInterfaceOrientationLandscapeRight";
				LD_RUNPATH_SEARCH_PATHS = (
					"$(inherited)",
					"@executable_path/Frameworks",
				);
				MARKETING_VERSION = 1.0;
				PRODUCT_BUNDLE_IDENTIFIER = panto.RebootChoreReward;
				PRODUCT_NAME = "$(TARGET_NAME)";
				SWIFT_EMIT_LOC_STRINGS = YES;
				SWIFT_VERSION = 5.0;
				TARGETED_DEVICE_FAMILY = "1,2";
			};
			name = Release;
		};
/* End XCBuildConfiguration section */

/* Begin XCConfigurationList section */
		CAEAEB6B2B840DE40056A0F1 /* Build configuration list for PBXProject "RebootChoreReward" */ = {
			isa = XCConfigurationList;
			buildConfigurations = (
				CAEAEB822B840DE50056A0F1 /* Debug */,
				CAEAEB832B840DE50056A0F1 /* Release */,
			);
			defaultConfigurationIsVisible = 0;
			defaultConfigurationName = Release;
		};
		CAEAEB842B840DE50056A0F1 /* Build configuration list for PBXNativeTarget "RebootChoreReward" */ = {
			isa = XCConfigurationList;
			buildConfigurations = (
				CAEAEB852B840DE50056A0F1 /* Debug */,
				CAEAEB862B840DE50056A0F1 /* Release */,
			);
			defaultConfigurationIsVisible = 0;
			defaultConfigurationName = Release;
		};
/* End XCConfigurationList section */
	};
	rootObject = CAEAEB682B840DE40056A0F1 /* Project object */;
}
